// !$*UTF8*$!
{
	archiveVersion = 1;
	classes = {
	};
	objectVersion = 42;
	objects = {

/* Begin PBXBuildFile section */
		480FFF9B09DACF0900C1E6BA /* PATagCloudController.h in CopyFiles */ = {isa = PBXBuildFile; fileRef = 480FFF9909DACF0900C1E6BA /* PATagCloudController.h */; };
		480FFF9C09DACF0900C1E6BA /* PATagCloudController.m in Sources */ = {isa = PBXBuildFile; fileRef = 480FFF9A09DACF0900C1E6BA /* PATagCloudController.m */; };
		481BF27809A3128600EBD7BA /* PATag.h in CopyFiles */ = {isa = PBXBuildFile; fileRef = 481BF27609A3128600EBD7BA /* PATag.h */; };
		481BF2F209A31B9B00EBD7BA /* PATagSet.h in CopyFiles */ = {isa = PBXBuildFile; fileRef = 481BF2F009A31B9B00EBD7BA /* PATagSet.h */; };
		481BF2F309A31B9B00EBD7BA /* PATagSet.m in Sources */ = {isa = PBXBuildFile; fileRef = 481BF2F109A31B9B00EBD7BA /* PATagSet.m */; };
		4842FC0F09DA801500C4A931 /* PATagButton.h in CopyFiles */ = {isa = PBXBuildFile; fileRef = 4842FC0D09DA801500C4A931 /* PATagButton.h */; };
		4842FC1009DA801700C4A931 /* PATagButton.m in Sources */ = {isa = PBXBuildFile; fileRef = 4842FC0E09DA801500C4A931 /* PATagButton.m */; };
		4842FC1309DA804100C4A931 /* PATagButtonCell.h in CopyFiles */ = {isa = PBXBuildFile; fileRef = 4842FC1109DA804100C4A931 /* PATagButtonCell.h */; };
		4842FC1409DA804100C4A931 /* PATagButtonCell.m in Sources */ = {isa = PBXBuildFile; fileRef = 4842FC1209DA804100C4A931 /* PATagButtonCell.m */; };
		486EBA4509D68F16000C154C /* PAFileBox.m in Sources */ = {isa = PBXBuildFile; fileRef = 486EBA4309D68F16000C154C /* PAFileBox.m */; };
		486EBA4609D68F16000C154C /* PAFileBox.h in CopyFiles */ = {isa = PBXBuildFile; fileRef = 486EBA4409D68F16000C154C /* PAFileBox.h */; };
		489AE65509DD434600EB60EB /* SnappingWindow.h in CopyFiles */ = {isa = PBXBuildFile; fileRef = 489AE65309DD434600EB60EB /* SnappingWindow.h */; };
		489AE65609DD434600EB60EB /* SnappingWindow.m in Sources */ = {isa = PBXBuildFile; fileRef = 489AE65409DD434600EB60EB /* SnappingWindow.m */; };
		489AE71609DD4DA900EB60EB /* PASelectedTagsView.h in CopyFiles */ = {isa = PBXBuildFile; fileRef = 489AE71409DD4DA900EB60EB /* PASelectedTagsView.h */; };
		489AE71709DD4DA900EB60EB /* PASelectedTagsView.m in Sources */ = {isa = PBXBuildFile; fileRef = 489AE71509DD4DA900EB60EB /* PASelectedTagsView.m */; };
		48AA6BF7099B78E300D8F70B /* PATagger.h in CopyFiles */ = {isa = PBXBuildFile; fileRef = 48AA6BF5099B78E300D8F70B /* PATagger.h */; };
		48AA6BF8099B78E300D8F70B /* PATagger.m in Sources */ = {isa = PBXBuildFile; fileRef = 48AA6BF6099B78E300D8F70B /* PATagger.m */; };
		48BDCEE609C4A4E300A57165 /* PATagCloud.h in CopyFiles */ = {isa = PBXBuildFile; fileRef = 48BDCEE409C4A4E300A57165 /* PATagCloud.h */; };
		48BDCEE709C4A4E300A57165 /* PATagCloud.m in Sources */ = {isa = PBXBuildFile; fileRef = 48BDCEE509C4A4E300A57165 /* PATagCloud.m */; };
		48C93615099742D800699265 /* Matador.h in CopyFiles */ = {isa = PBXBuildFile; fileRef = 48C93614099742D800699265 /* Matador.h */; };
		48C9362E099743F200699265 /* NSObject.h in CopyFiles */ = {isa = PBXBuildFile; fileRef = 48C9362D099743F200699265 /* NSObject.h */; };
		48D66A5F09CB3752007B6B1D /* PASimpleTag.h in CopyFiles */ = {isa = PBXBuildFile; fileRef = 48D66A5D09CB3752007B6B1D /* PASimpleTag.h */; };
		48D66A6009CB3752007B6B1D /* PASimpleTag.m in Sources */ = {isa = PBXBuildFile; fileRef = 48D66A5E09CB3752007B6B1D /* PASimpleTag.m */; };
		48D66AFD09CB4C5A007B6B1D /* PATagFactory.h in CopyFiles */ = {isa = PBXBuildFile; fileRef = 48D66AFB09CB4C5A007B6B1D /* PATagFactory.h */; };
		48D66AFE09CB4C5A007B6B1D /* PATagFactory.m in Sources */ = {isa = PBXBuildFile; fileRef = 48D66AFC09CB4C5A007B6B1D /* PATagFactory.m */; };
		48D66B0709CB4E4B007B6B1D /* PASimpleTagFactory.h in CopyFiles */ = {isa = PBXBuildFile; fileRef = 48D66B0509CB4E4B007B6B1D /* PASimpleTagFactory.h */; };
		48D66B0809CB4E4B007B6B1D /* PASimpleTagFactory.m in Sources */ = {isa = PBXBuildFile; fileRef = 48D66B0609CB4E4B007B6B1D /* PASimpleTagFactory.m */; };
		48D8F01209CBE94C0011401F /* PATag.m in Sources */ = {isa = PBXBuildFile; fileRef = 48D8F01109CBE94C0011401F /* PATag.m */; };
		48E9C2F609A5C27600415AC7 /* TaggerViewController.m in Sources */ = {isa = PBXBuildFile; fileRef = 48E9C2F409A5C27600415AC7 /* TaggerViewController.m */; };
		48E9C2F709A5C27600415AC7 /* TaggerViewController.h in CopyFiles */ = {isa = PBXBuildFile; fileRef = 48E9C2F509A5C27600415AC7 /* TaggerViewController.h */; };
		48EB614409C2D4A40071D654 /* PARelatedTags.h in CopyFiles */ = {isa = PBXBuildFile; fileRef = 48EB614209C2D4A40071D654 /* PARelatedTags.h */; };
		48EB614509C2D4A40071D654 /* PARelatedTags.m in Sources */ = {isa = PBXBuildFile; fileRef = 48EB614309C2D4A40071D654 /* PARelatedTags.m */; };
		651C4B5A09B9FECE003E6626 /* CollapsedTriangleWhite.tiff in Resources */ = {isa = PBXBuildFile; fileRef = 651C4B5809B9FECE003E6626 /* CollapsedTriangleWhite.tiff */; };
		651C4B5B09B9FECE003E6626 /* ExpandedTriangleWhite.tiff in Resources */ = {isa = PBXBuildFile; fileRef = 651C4B5909B9FECE003E6626 /* ExpandedTriangleWhite.tiff */; };
		651CF1A0099B9F98007E48DD /* SidebarDelegateCategory.h in CopyFiles */ = {isa = PBXBuildFile; fileRef = 651CF19E099B9F98007E48DD /* SidebarDelegateCategory.h */; };
		651CF1A1099B9F98007E48DD /* SidebarDelegateCategory.m in Sources */ = {isa = PBXBuildFile; fileRef = 651CF19F099B9F98007E48DD /* SidebarDelegateCategory.m */; };
		6535E5030995F80F0067528D /* PASidebarTableView.h in CopyFiles */ = {isa = PBXBuildFile; fileRef = 6535E5010995F80F0067528D /* PASidebarTableView.h */; };
		6535E5040995F80F0067528D /* PASidebarTableView.m in Sources */ = {isa = PBXBuildFile; fileRef = 6535E5020995F80F0067528D /* PASidebarTableView.m */; };
		65461C9509D0418F0076778E /* PAImageButtonCell.h in CopyFiles */ = {isa = PBXBuildFile; fileRef = 65461C9309D0418F0076778E /* PAImageButtonCell.h */; };
		65461C9609D0418F0076778E /* PAImageButtonCell.m in Sources */ = {isa = PBXBuildFile; fileRef = 65461C9409D0418F0076778E /* PAImageButtonCell.m */; };
		654DBC1B09C9D0620061BFA4 /* index.html in Resources */ = {isa = PBXBuildFile; fileRef = 654DBC1A09C9D0620061BFA4 /* index.html */; };
		6562A20609963C5100DBE7DB /* sidebarSelectionBackground.tiff in Resources */ = {isa = PBXBuildFile; fileRef = 6562A20209963C5100DBE7DB /* sidebarSelectionBackground.tiff */; };
		6562A20709963C5100DBE7DB /* sidebarSelectionBackgroundFocus.tiff in Resources */ = {isa = PBXBuildFile; fileRef = 6562A20309963C5100DBE7DB /* sidebarSelectionBackgroundFocus.tiff */; };
		6562A20809963C5100DBE7DB /* sidebarSelectionBackgroundFocusSmall.tiff in Resources */ = {isa = PBXBuildFile; fileRef = 6562A20409963C5100DBE7DB /* sidebarSelectionBackgroundFocusSmall.tiff */; };
		6562A20909963C5100DBE7DB /* sidebarSelectionBackgroundSmall.tiff in Resources */ = {isa = PBXBuildFile; fileRef = 6562A20509963C5100DBE7DB /* sidebarSelectionBackgroundSmall.tiff */; };
		656C59A009D30D9E008AA115 /* MDIconViewOn-1.tiff in Resources */ = {isa = PBXBuildFile; fileRef = 656C599F09D30D9E008AA115 /* MDIconViewOn-1.tiff */; };
		65765BCF09BEE8C200977A34 /* PAFileMatrix.h in CopyFiles */ = {isa = PBXBuildFile; fileRef = 65765BCD09BEE8C200977A34 /* PAFileMatrix.h */; };
		65765BD009BEE8C300977A34 /* PAFileMatrix.m in Sources */ = {isa = PBXBuildFile; fileRef = 65765BCE09BEE8C200977A34 /* PAFileMatrix.m */; };
		657BC5BA09DD284200B0EB19 /* PAMetaMatrixGroupCell.h in CopyFiles */ = {isa = PBXBuildFile; fileRef = 657BC5B809DD284200B0EB19 /* PAMetaMatrixGroupCell.h */; };
		657BC5BB09DD284200B0EB19 /* PAMetaMatrixGroupCell.m in Sources */ = {isa = PBXBuildFile; fileRef = 657BC5B909DD284200B0EB19 /* PAMetaMatrixGroupCell.m */; };
		65851FFC099780B9009C3CA7 /* ToolbarDelegateCategory.h in CopyFiles */ = {isa = PBXBuildFile; fileRef = 65851FFA099780B9009C3CA7 /* ToolbarDelegateCategory.h */; };
		65851FFD099780B9009C3CA7 /* ToolbarDelegateCategory.m in Sources */ = {isa = PBXBuildFile; fileRef = 65851FFB099780B9009C3CA7 /* ToolbarDelegateCategory.m */; };
		6585A64C09DC3D5A00228C46 /* PAMetaMatrixView.h in CopyFiles */ = {isa = PBXBuildFile; fileRef = 6585A64A09DC3D5A00228C46 /* PAMetaMatrixView.h */; };
		6585A64D09DC3D5A00228C46 /* PAMetaMatrixView.m in Sources */ = {isa = PBXBuildFile; fileRef = 6585A64B09DC3D5A00228C46 /* PAMetaMatrixView.m */; };
		6585A65009DC3DB300228C46 /* MetaMatrixController.h in CopyFiles */ = {isa = PBXBuildFile; fileRef = 6585A64E09DC3DB300228C46 /* MetaMatrixController.h */; };
		6585A65109DC3DB300228C46 /* MetaMatrixController.m in Sources */ = {isa = PBXBuildFile; fileRef = 6585A64F09DC3DB300228C46 /* MetaMatrixController.m */; };
		658EA77D099798A6005F13DE /* Message.framework in Frameworks */ = {isa = PBXBuildFile; fileRef = 658EA77C099798A6005F13DE /* Message.framework */; };
		659EBB4309D2D78300879091 /* PAImageButton.h in CopyFiles */ = {isa = PBXBuildFile; fileRef = 659EBB4109D2D78300879091 /* PAImageButton.h */; };
		659EBB4409D2D78300879091 /* PAImageButton.m in Sources */ = {isa = PBXBuildFile; fileRef = 659EBB4209D2D78300879091 /* PAImageButton.m */; };
		659EBBB109D2DC3D00879091 /* MDIconViewOff-1.tiff in Resources */ = {isa = PBXBuildFile; fileRef = 659EBBB009D2DC3D00879091 /* MDIconViewOff-1.tiff */; };
		65A4079709B9D6BA00B151F4 /* MD0-0-Middle-1.tiff in Resources */ = {isa = PBXBuildFile; fileRef = 65A4079609B9D6BA00B151F4 /* MD0-0-Middle-1.tiff */; };
		65B172F4099562A700B10322 /* PASidebarView.h in CopyFiles */ = {isa = PBXBuildFile; fileRef = 65B172F2099562A700B10322 /* PASidebarView.h */; };
		65B172F5099562A700B10322 /* PASidebarView.m in Sources */ = {isa = PBXBuildFile; fileRef = 65B172F3099562A700B10322 /* PASidebarView.m */; };
		65C341BC0996107300C3B5AC /* PASidebarCell.h in CopyFiles */ = {isa = PBXBuildFile; fileRef = 65C341BA0996107300C3B5AC /* PASidebarCell.h */; };
		65C341BD0996107300C3B5AC /* PASidebarCell.m in Sources */ = {isa = PBXBuildFile; fileRef = 65C341BB0996107300C3B5AC /* PASidebarCell.m */; };
		65E7B01A0994D02E00565251 /* MainMenu.nib in Resources */ = {isa = PBXBuildFile; fileRef = 65E7B0190994D02E00565251 /* MainMenu.nib */; };
		65E7B0200994D0AE00565251 /* Sidebar.nib in Resources */ = {isa = PBXBuildFile; fileRef = 65E7B01E0994D0AE00565251 /* Sidebar.nib */; };
		65E7B06B0994D5AA00565251 /* Controller.m in Sources */ = {isa = PBXBuildFile; fileRef = 65E7B06A0994D5AA00565251 /* Controller.m */; };
		65E7B43E0994E3D100565251 /* SubViewController.h in CopyFiles */ = {isa = PBXBuildFile; fileRef = 65E7B43C0994E3D000565251 /* SubViewController.h */; };
		65E7B43F0994E3D100565251 /* SubViewController.m in Sources */ = {isa = PBXBuildFile; fileRef = 65E7B43D0994E3D000565251 /* SubViewController.m */; };
		65F9B95C09D41AA0008BF1BD /* MDIconViewPressed-1.tiff in Resources */ = {isa = PBXBuildFile; fileRef = 65F9B95B09D41AA0008BF1BD /* MDIconViewPressed-1.tiff */; };
		65F9B96309D41B40008BF1BD /* CollapsedTriangleWhite_Pressed.tiff in Resources */ = {isa = PBXBuildFile; fileRef = 65F9B96109D41B40008BF1BD /* CollapsedTriangleWhite_Pressed.tiff */; };
		65F9B96409D41B40008BF1BD /* ExpandedTriangleWhite_Pressed.tiff in Resources */ = {isa = PBXBuildFile; fileRef = 65F9B96209D41B40008BF1BD /* ExpandedTriangleWhite_Pressed.tiff */; };
		8D11072B0486CEB800E47090 /* InfoPlist.strings in Resources */ = {isa = PBXBuildFile; fileRef = 089C165CFE840E0CC02AAC07 /* InfoPlist.strings */; };
		8D11072D0486CEB800E47090 /* main.m in Sources */ = {isa = PBXBuildFile; fileRef = 29B97316FDCFA39411CA2CEA /* main.m */; settings = {ATTRIBUTES = (); }; };
		8D11072F0486CEB800E47090 /* Cocoa.framework in Frameworks */ = {isa = PBXBuildFile; fileRef = 1058C7A1FEA54F0111CA2CBB /* Cocoa.framework */; };
/* End PBXBuildFile section */

/* Begin PBXBuildStyle section */
		4A9504CCFFE6A4B311CA0CBA /* Debug */ = {
			isa = PBXBuildStyle;
			buildSettings = {
			};
			name = Debug;
		};
		4A9504CDFFE6A4B311CA0CBA /* Release */ = {
			isa = PBXBuildStyle;
			buildSettings = {
			};
			name = Release;
		};
/* End PBXBuildStyle section */

/* Begin PBXCopyFilesBuildPhase section */
		65E7B37C0994D97500565251 /* CopyFiles */ = {
			isa = PBXCopyFilesBuildPhase;
			buildActionMask = 2147483647;
			dstPath = "";
			dstSubfolderSpec = 10;
			files = (
				65E7B43E0994E3D100565251 /* SubViewController.h in CopyFiles */,
				65B172F4099562A700B10322 /* PASidebarView.h in CopyFiles */,
				6535E5030995F80F0067528D /* PASidebarTableView.h in CopyFiles */,
				65C341BC0996107300C3B5AC /* PASidebarCell.h in CopyFiles */,
				48C93615099742D800699265 /* Matador.h in CopyFiles */,
				48C9362E099743F200699265 /* NSObject.h in CopyFiles */,
				65851FFC099780B9009C3CA7 /* ToolbarDelegateCategory.h in CopyFiles */,
				48AA6BF7099B78E300D8F70B /* PATagger.h in CopyFiles */,
				651CF1A0099B9F98007E48DD /* SidebarDelegateCategory.h in CopyFiles */,
				481BF27809A3128600EBD7BA /* PATag.h in CopyFiles */,
				481BF2F209A31B9B00EBD7BA /* PATagSet.h in CopyFiles */,
				48E9C2F709A5C27600415AC7 /* TaggerViewController.h in CopyFiles */,
				65765BCF09BEE8C200977A34 /* PAFileMatrix.h in CopyFiles */,
				48EB614409C2D4A40071D654 /* PARelatedTags.h in CopyFiles */,
				48BDCEE609C4A4E300A57165 /* PATagCloud.h in CopyFiles */,
				48D66A5F09CB3752007B6B1D /* PASimpleTag.h in CopyFiles */,
				48D66AFD09CB4C5A007B6B1D /* PATagFactory.h in CopyFiles */,
				48D66B0709CB4E4B007B6B1D /* PASimpleTagFactory.h in CopyFiles */,
				65461C9509D0418F0076778E /* PAImageButtonCell.h in CopyFiles */,
				659EBB4309D2D78300879091 /* PAImageButton.h in CopyFiles */,
				486EBA4609D68F16000C154C /* PAFileBox.h in CopyFiles */,
				4842FC0F09DA801500C4A931 /* PATagButton.h in CopyFiles */,
				4842FC1309DA804100C4A931 /* PATagButtonCell.h in CopyFiles */,
				480FFF9B09DACF0900C1E6BA /* PATagCloudController.h in CopyFiles */,
				6585A64C09DC3D5A00228C46 /* PAMetaMatrixView.h in CopyFiles */,
				6585A65009DC3DB300228C46 /* MetaMatrixController.h in CopyFiles */,
				657BC5BA09DD284200B0EB19 /* PAMetaMatrixGroupCell.h in CopyFiles */,
				489AE65509DD434600EB60EB /* SnappingWindow.h in CopyFiles */,
				489AE71609DD4DA900EB60EB /* PASelectedTagsView.h in CopyFiles */,
			);
			runOnlyForDeploymentPostprocessing = 0;
		};
/* End PBXCopyFilesBuildPhase section */

/* Begin PBXFileReference section */
		089C165DFE840E0CC02AAC07 /* English */ = {isa = PBXFileReference; fileEncoding = 10; lastKnownFileType = text.plist.strings; name = English; path = English.lproj/InfoPlist.strings; sourceTree = "<group>"; };
		1058C7A1FEA54F0111CA2CBB /* Cocoa.framework */ = {isa = PBXFileReference; lastKnownFileType = wrapper.framework; name = Cocoa.framework; path = /System/Library/Frameworks/Cocoa.framework; sourceTree = "<absolute>"; };
		13E42FB307B3F0F600E4EEF1 /* CoreData.framework */ = {isa = PBXFileReference; lastKnownFileType = wrapper.framework; name = CoreData.framework; path = /System/Library/Frameworks/CoreData.framework; sourceTree = "<absolute>"; };
		29B97316FDCFA39411CA2CEA /* main.m */ = {isa = PBXFileReference; fileEncoding = 4; lastKnownFileType = sourcecode.c.objc; path = main.m; sourceTree = "<group>"; };
		29B97319FDCFA39411CA2CEA /* English */ = {isa = PBXFileReference; explicitFileType = wrapper.nib; name = English; path = English.lproj/MainMenu.nib; sourceTree = "<group>"; };
		29B97324FDCFA39411CA2CEA /* AppKit.framework */ = {isa = PBXFileReference; lastKnownFileType = wrapper.framework; name = AppKit.framework; path = /System/Library/Frameworks/AppKit.framework; sourceTree = "<absolute>"; };
		29B97325FDCFA39411CA2CEA /* Foundation.framework */ = {isa = PBXFileReference; lastKnownFileType = wrapper.framework; name = Foundation.framework; path = /System/Library/Frameworks/Foundation.framework; sourceTree = "<absolute>"; };
		32CA4F630368D1EE00C91783 /* punakea_Prefix.pch */ = {isa = PBXFileReference; fileEncoding = 4; lastKnownFileType = sourcecode.c.h; path = punakea_Prefix.pch; sourceTree = "<group>"; };
		480FFF9909DACF0900C1E6BA /* PATagCloudController.h */ = {isa = PBXFileReference; fileEncoding = 4; lastKnownFileType = sourcecode.c.h; path = PATagCloudController.h; sourceTree = "<group>"; };
		480FFF9A09DACF0900C1E6BA /* PATagCloudController.m */ = {isa = PBXFileReference; fileEncoding = 4; lastKnownFileType = sourcecode.c.objc; path = PATagCloudController.m; sourceTree = "<group>"; };
		481BF27609A3128600EBD7BA /* PATag.h */ = {isa = PBXFileReference; fileEncoding = 4; lastKnownFileType = sourcecode.c.h; path = PATag.h; sourceTree = "<group>"; };
		481BF2F009A31B9B00EBD7BA /* PATagSet.h */ = {isa = PBXFileReference; fileEncoding = 4; lastKnownFileType = sourcecode.c.h; path = PATagSet.h; sourceTree = "<group>"; };
		481BF2F109A31B9B00EBD7BA /* PATagSet.m */ = {isa = PBXFileReference; fileEncoding = 4; lastKnownFileType = sourcecode.c.objc; path = PATagSet.m; sourceTree = "<group>"; };
		4842FC0D09DA801500C4A931 /* PATagButton.h */ = {isa = PBXFileReference; fileEncoding = 4; lastKnownFileType = sourcecode.c.h; path = PATagButton.h; sourceTree = "<group>"; };
		4842FC0E09DA801500C4A931 /* PATagButton.m */ = {isa = PBXFileReference; fileEncoding = 4; lastKnownFileType = sourcecode.c.objc; path = PATagButton.m; sourceTree = "<group>"; };
		4842FC1109DA804100C4A931 /* PATagButtonCell.h */ = {isa = PBXFileReference; fileEncoding = 4; lastKnownFileType = sourcecode.c.h; path = PATagButtonCell.h; sourceTree = "<group>"; };
		4842FC1209DA804100C4A931 /* PATagButtonCell.m */ = {isa = PBXFileReference; fileEncoding = 4; lastKnownFileType = sourcecode.c.objc; path = PATagButtonCell.m; sourceTree = "<group>"; };
		486EBA4309D68F16000C154C /* PAFileBox.m */ = {isa = PBXFileReference; fileEncoding = 4; lastKnownFileType = sourcecode.c.objc; path = PAFileBox.m; sourceTree = "<group>"; };
		486EBA4409D68F16000C154C /* PAFileBox.h */ = {isa = PBXFileReference; fileEncoding = 4; lastKnownFileType = sourcecode.c.h; path = PAFileBox.h; sourceTree = "<group>"; };
		489AE65309DD434600EB60EB /* SnappingWindow.h */ = {isa = PBXFileReference; fileEncoding = 4; lastKnownFileType = sourcecode.c.h; path = SnappingWindow.h; sourceTree = "<group>"; };
		489AE65409DD434600EB60EB /* SnappingWindow.m */ = {isa = PBXFileReference; fileEncoding = 4; lastKnownFileType = sourcecode.c.objc; path = SnappingWindow.m; sourceTree = "<group>"; };
		489AE71409DD4DA900EB60EB /* PASelectedTagsView.h */ = {isa = PBXFileReference; fileEncoding = 4; lastKnownFileType = sourcecode.c.h; path = PASelectedTagsView.h; sourceTree = "<group>"; };
		489AE71509DD4DA900EB60EB /* PASelectedTagsView.m */ = {isa = PBXFileReference; fileEncoding = 4; lastKnownFileType = sourcecode.c.objc; path = PASelectedTagsView.m; sourceTree = "<group>"; };
		48AA6BF5099B78E300D8F70B /* PATagger.h */ = {isa = PBXFileReference; fileEncoding = 4; lastKnownFileType = sourcecode.c.h; path = PATagger.h; sourceTree = "<group>"; };
		48AA6BF6099B78E300D8F70B /* PATagger.m */ = {isa = PBXFileReference; fileEncoding = 4; lastKnownFileType = sourcecode.c.objc; path = PATagger.m; sourceTree = "<group>"; };
		48BDCEE409C4A4E300A57165 /* PATagCloud.h */ = {isa = PBXFileReference; fileEncoding = 4; lastKnownFileType = sourcecode.c.h; path = PATagCloud.h; sourceTree = "<group>"; };
		48BDCEE509C4A4E300A57165 /* PATagCloud.m */ = {isa = PBXFileReference; fileEncoding = 4; lastKnownFileType = sourcecode.c.objc; path = PATagCloud.m; sourceTree = "<group>"; };
		48C93614099742D800699265 /* Matador.h */ = {isa = PBXFileReference; fileEncoding = 4; lastKnownFileType = sourcecode.c.h; path = Matador.h; sourceTree = "<group>"; };
		48C9362D099743F200699265 /* NSObject.h */ = {isa = PBXFileReference; fileEncoding = 4; lastKnownFileType = sourcecode.c.h; path = NSObject.h; sourceTree = "<group>"; };
		48D66A5D09CB3752007B6B1D /* PASimpleTag.h */ = {isa = PBXFileReference; fileEncoding = 4; lastKnownFileType = sourcecode.c.h; path = PASimpleTag.h; sourceTree = "<group>"; };
		48D66A5E09CB3752007B6B1D /* PASimpleTag.m */ = {isa = PBXFileReference; fileEncoding = 4; lastKnownFileType = sourcecode.c.objc; path = PASimpleTag.m; sourceTree = "<group>"; };
		48D66AFB09CB4C5A007B6B1D /* PATagFactory.h */ = {isa = PBXFileReference; fileEncoding = 4; lastKnownFileType = sourcecode.c.h; path = PATagFactory.h; sourceTree = "<group>"; };
		48D66AFC09CB4C5A007B6B1D /* PATagFactory.m */ = {isa = PBXFileReference; fileEncoding = 4; lastKnownFileType = sourcecode.c.objc; path = PATagFactory.m; sourceTree = "<group>"; };
		48D66B0509CB4E4B007B6B1D /* PASimpleTagFactory.h */ = {isa = PBXFileReference; fileEncoding = 4; lastKnownFileType = sourcecode.c.h; path = PASimpleTagFactory.h; sourceTree = "<group>"; };
		48D66B0609CB4E4B007B6B1D /* PASimpleTagFactory.m */ = {isa = PBXFileReference; fileEncoding = 4; lastKnownFileType = sourcecode.c.objc; path = PASimpleTagFactory.m; sourceTree = "<group>"; };
		48D8F01109CBE94C0011401F /* PATag.m */ = {isa = PBXFileReference; fileEncoding = 4; lastKnownFileType = sourcecode.c.objc; path = PATag.m; sourceTree = "<group>"; };
		48E9C2F409A5C27600415AC7 /* TaggerViewController.m */ = {isa = PBXFileReference; fileEncoding = 4; lastKnownFileType = sourcecode.c.objc; path = TaggerViewController.m; sourceTree = "<group>"; };
		48E9C2F509A5C27600415AC7 /* TaggerViewController.h */ = {isa = PBXFileReference; fileEncoding = 4; lastKnownFileType = sourcecode.c.h; path = TaggerViewController.h; sourceTree = "<group>"; };
		48EB614209C2D4A40071D654 /* PARelatedTags.h */ = {isa = PBXFileReference; fileEncoding = 4; lastKnownFileType = sourcecode.c.h; path = PARelatedTags.h; sourceTree = "<group>"; };
		48EB614309C2D4A40071D654 /* PARelatedTags.m */ = {isa = PBXFileReference; fileEncoding = 4; lastKnownFileType = sourcecode.c.objc; path = PARelatedTags.m; sourceTree = "<group>"; };
		651C4B5809B9FECE003E6626 /* CollapsedTriangleWhite.tiff */ = {isa = PBXFileReference; lastKnownFileType = image.tiff; path = CollapsedTriangleWhite.tiff; sourceTree = "<group>"; };
		651C4B5909B9FECE003E6626 /* ExpandedTriangleWhite.tiff */ = {isa = PBXFileReference; lastKnownFileType = image.tiff; path = ExpandedTriangleWhite.tiff; sourceTree = "<group>"; };
		651CF19E099B9F98007E48DD /* SidebarDelegateCategory.h */ = {isa = PBXFileReference; fileEncoding = 4; lastKnownFileType = sourcecode.c.h; path = SidebarDelegateCategory.h; sourceTree = "<group>"; };
		651CF19F099B9F98007E48DD /* SidebarDelegateCategory.m */ = {isa = PBXFileReference; fileEncoding = 4; lastKnownFileType = sourcecode.c.objc; path = SidebarDelegateCategory.m; sourceTree = "<group>"; };
		6535E5010995F80F0067528D /* PASidebarTableView.h */ = {isa = PBXFileReference; fileEncoding = 30; lastKnownFileType = sourcecode.c.h; path = PASidebarTableView.h; sourceTree = "<group>"; };
		6535E5020995F80F0067528D /* PASidebarTableView.m */ = {isa = PBXFileReference; fileEncoding = 30; lastKnownFileType = sourcecode.c.objc; path = PASidebarTableView.m; sourceTree = "<group>"; };
		65461C9309D0418F0076778E /* PAImageButtonCell.h */ = {isa = PBXFileReference; fileEncoding = 4; lastKnownFileType = sourcecode.c.h; path = PAImageButtonCell.h; sourceTree = "<group>"; };
		65461C9409D0418F0076778E /* PAImageButtonCell.m */ = {isa = PBXFileReference; fileEncoding = 4; lastKnownFileType = sourcecode.c.objc; path = PAImageButtonCell.m; sourceTree = "<group>"; };
		654DBC1A09C9D0620061BFA4 /* index.html */ = {isa = PBXFileReference; fileEncoding = 30; lastKnownFileType = text.html; name = index.html; path = html/index.html; sourceTree = "<group>"; };
		6562A20209963C5100DBE7DB /* sidebarSelectionBackground.tiff */ = {isa = PBXFileReference; lastKnownFileType = image.tiff; name = sidebarSelectionBackground.tiff; path = Resources/sidebarSelectionBackground.tiff; sourceTree = SOURCE_ROOT; };
		6562A20309963C5100DBE7DB /* sidebarSelectionBackgroundFocus.tiff */ = {isa = PBXFileReference; lastKnownFileType = image.tiff; name = sidebarSelectionBackgroundFocus.tiff; path = Resources/sidebarSelectionBackgroundFocus.tiff; sourceTree = SOURCE_ROOT; };
		6562A20409963C5100DBE7DB /* sidebarSelectionBackgroundFocusSmall.tiff */ = {isa = PBXFileReference; lastKnownFileType = image.tiff; path = sidebarSelectionBackgroundFocusSmall.tiff; sourceTree = "<group>"; };
		6562A20509963C5100DBE7DB /* sidebarSelectionBackgroundSmall.tiff */ = {isa = PBXFileReference; lastKnownFileType = image.tiff; path = sidebarSelectionBackgroundSmall.tiff; sourceTree = "<group>"; };
		656C599F09D30D9E008AA115 /* MDIconViewOn-1.tiff */ = {isa = PBXFileReference; lastKnownFileType = image.tiff; path = "MDIconViewOn-1.tiff"; sourceTree = "<group>"; };
		65765BCD09BEE8C200977A34 /* PAFileMatrix.h */ = {isa = PBXFileReference; fileEncoding = 4; lastKnownFileType = sourcecode.c.h; path = PAFileMatrix.h; sourceTree = "<group>"; };
		65765BCE09BEE8C200977A34 /* PAFileMatrix.m */ = {isa = PBXFileReference; fileEncoding = 4; lastKnownFileType = sourcecode.c.objc; path = PAFileMatrix.m; sourceTree = "<group>"; };
		657BC5B809DD284200B0EB19 /* PAMetaMatrixGroupCell.h */ = {isa = PBXFileReference; fileEncoding = 30; lastKnownFileType = sourcecode.c.h; path = PAMetaMatrixGroupCell.h; sourceTree = "<group>"; };
		657BC5B909DD284200B0EB19 /* PAMetaMatrixGroupCell.m */ = {isa = PBXFileReference; fileEncoding = 30; lastKnownFileType = sourcecode.c.objc; path = PAMetaMatrixGroupCell.m; sourceTree = "<group>"; };
		65851FFA099780B9009C3CA7 /* ToolbarDelegateCategory.h */ = {isa = PBXFileReference; fileEncoding = 30; lastKnownFileType = sourcecode.c.h; path = ToolbarDelegateCategory.h; sourceTree = "<group>"; };
		65851FFB099780B9009C3CA7 /* ToolbarDelegateCategory.m */ = {isa = PBXFileReference; fileEncoding = 30; lastKnownFileType = sourcecode.c.objc; path = ToolbarDelegateCategory.m; sourceTree = "<group>"; };
		6585A64A09DC3D5A00228C46 /* PAMetaMatrixView.h */ = {isa = PBXFileReference; fileEncoding = 4; lastKnownFileType = sourcecode.c.h; path = PAMetaMatrixView.h; sourceTree = "<group>"; };
		6585A64B09DC3D5A00228C46 /* PAMetaMatrixView.m */ = {isa = PBXFileReference; fileEncoding = 4; lastKnownFileType = sourcecode.c.objc; path = PAMetaMatrixView.m; sourceTree = "<group>"; };
		6585A64E09DC3DB300228C46 /* MetaMatrixController.h */ = {isa = PBXFileReference; fileEncoding = 4; lastKnownFileType = sourcecode.c.h; path = MetaMatrixController.h; sourceTree = "<group>"; };
		6585A64F09DC3DB300228C46 /* MetaMatrixController.m */ = {isa = PBXFileReference; fileEncoding = 4; lastKnownFileType = sourcecode.c.objc; path = MetaMatrixController.m; sourceTree = "<group>"; };
		658EA77C099798A6005F13DE /* Message.framework */ = {isa = PBXFileReference; lastKnownFileType = wrapper.framework; name = Message.framework; path = /System/Library/Frameworks/Message.framework; sourceTree = "<absolute>"; };
		659EBB4109D2D78300879091 /* PAImageButton.h */ = {isa = PBXFileReference; fileEncoding = 4; lastKnownFileType = sourcecode.c.h; path = PAImageButton.h; sourceTree = "<group>"; };
		659EBB4209D2D78300879091 /* PAImageButton.m */ = {isa = PBXFileReference; fileEncoding = 4; lastKnownFileType = sourcecode.c.objc; path = PAImageButton.m; sourceTree = "<group>"; };
		659EBBB009D2DC3D00879091 /* MDIconViewOff-1.tiff */ = {isa = PBXFileReference; lastKnownFileType = image.tiff; path = "MDIconViewOff-1.tiff"; sourceTree = "<group>"; };
		65A4079609B9D6BA00B151F4 /* MD0-0-Middle-1.tiff */ = {isa = PBXFileReference; lastKnownFileType = image.tiff; path = "MD0-0-Middle-1.tiff"; sourceTree = "<group>"; };
		65B172F2099562A700B10322 /* PASidebarView.h */ = {isa = PBXFileReference; fileEncoding = 30; lastKnownFileType = sourcecode.c.h; path = PASidebarView.h; sourceTree = "<group>"; };
		65B172F3099562A700B10322 /* PASidebarView.m */ = {isa = PBXFileReference; fileEncoding = 30; lastKnownFileType = sourcecode.c.objc; path = PASidebarView.m; sourceTree = "<group>"; };
		65C341BA0996107300C3B5AC /* PASidebarCell.h */ = {isa = PBXFileReference; fileEncoding = 30; lastKnownFileType = sourcecode.c.h; path = PASidebarCell.h; sourceTree = "<group>"; };
		65C341BB0996107300C3B5AC /* PASidebarCell.m */ = {isa = PBXFileReference; fileEncoding = 30; lastKnownFileType = sourcecode.c.objc; path = PASidebarCell.m; sourceTree = "<group>"; };
		65E7B01F0994D0AE00565251 /* English */ = {isa = PBXFileReference; lastKnownFileType = wrapper.nib; name = English; path = English.lproj/Sidebar.nib; sourceTree = "<group>"; };
		65E7B0690994D5AA00565251 /* Controller.h */ = {isa = PBXFileReference; fileEncoding = 30; lastKnownFileType = sourcecode.c.h; path = Controller.h; sourceTree = "<group>"; };
		65E7B06A0994D5AA00565251 /* Controller.m */ = {isa = PBXFileReference; fileEncoding = 30; lastKnownFileType = sourcecode.c.objc; path = Controller.m; sourceTree = "<group>"; };
		65E7B43C0994E3D000565251 /* SubViewController.h */ = {isa = PBXFileReference; fileEncoding = 30; lastKnownFileType = sourcecode.c.h; path = SubViewController.h; sourceTree = "<group>"; };
		65E7B43D0994E3D000565251 /* SubViewController.m */ = {isa = PBXFileReference; fileEncoding = 30; lastKnownFileType = sourcecode.c.objc; path = SubViewController.m; sourceTree = "<group>"; };
		65F9B95B09D41AA0008BF1BD /* MDIconViewPressed-1.tiff */ = {isa = PBXFileReference; lastKnownFileType = image.tiff; path = "MDIconViewPressed-1.tiff"; sourceTree = "<group>"; };
		65F9B96109D41B40008BF1BD /* CollapsedTriangleWhite_Pressed.tiff */ = {isa = PBXFileReference; lastKnownFileType = image.tiff; path = CollapsedTriangleWhite_Pressed.tiff; sourceTree = "<group>"; };
		65F9B96209D41B40008BF1BD /* ExpandedTriangleWhite_Pressed.tiff */ = {isa = PBXFileReference; lastKnownFileType = image.tiff; path = ExpandedTriangleWhite_Pressed.tiff; sourceTree = "<group>"; };
		8D1107310486CEB800E47090 /* Info.plist */ = {isa = PBXFileReference; fileEncoding = 4; lastKnownFileType = text.plist; path = Info.plist; sourceTree = "<group>"; };
		8D1107320486CEB800E47090 /* Punakea.app */ = {isa = PBXFileReference; explicitFileType = wrapper.application; includeInIndex = 0; path = Punakea.app; sourceTree = BUILT_PRODUCTS_DIR; };
/* End PBXFileReference section */

/* Begin PBXFrameworksBuildPhase section */
		8D11072E0486CEB800E47090 /* Frameworks */ = {
			isa = PBXFrameworksBuildPhase;
			buildActionMask = 2147483647;
			files = (
				8D11072F0486CEB800E47090 /* Cocoa.framework in Frameworks */,
				658EA77D099798A6005F13DE /* Message.framework in Frameworks */,
			);
			runOnlyForDeploymentPostprocessing = 0;
		};
/* End PBXFrameworksBuildPhase section */

/* Begin PBXGroup section */
		080E96DDFE201D6D7F000001 /* Classes */ = {
			isa = PBXGroup;
			children = (
				489AE71309DD4D7800EB60EB /* Custom Views */,
				48BDCECE09C4A1EE00A57165 /* TagCloud */,
				65B17321099564A800B10322 /* Controllers */,
				65851FFF099780E0009C3CA7 /* Main */,
				48F6A9F40996423000AA118D /* Tagging */,
				65AAA754099B724500F14C52 /* FileMatrix */,
				6585A64809DC3D3300228C46 /* MetaMatrix */,
				65B17322099564C400B10322 /* Sidebar */,
			);
			name = Classes;
			sourceTree = "<group>";
		};
		1058C7A0FEA54F0111CA2CBB /* Linked Frameworks */ = {
			isa = PBXGroup;
			children = (
				658EA77C099798A6005F13DE /* Message.framework */,
				1058C7A1FEA54F0111CA2CBB /* Cocoa.framework */,
			);
			name = "Linked Frameworks";
			sourceTree = "<group>";
		};
		1058C7A2FEA54F0111CA2CBB /* Other Frameworks */ = {
			isa = PBXGroup;
			children = (
				29B97324FDCFA39411CA2CEA /* AppKit.framework */,
				13E42FB307B3F0F600E4EEF1 /* CoreData.framework */,
				29B97325FDCFA39411CA2CEA /* Foundation.framework */,
			);
			name = "Other Frameworks";
			sourceTree = "<group>";
		};
		19C28FACFE9D520D11CA2CBB /* Products */ = {
			isa = PBXGroup;
			children = (
				8D1107320486CEB800E47090 /* Punakea.app */,
			);
			name = Products;
			sourceTree = "<group>";
		};
		29B97314FDCFA39411CA2CEA /* Punakea */ = {
			isa = PBXGroup;
			children = (
				080E96DDFE201D6D7F000001 /* Classes */,
				29B97315FDCFA39411CA2CEA /* Other Sources */,
				29B97317FDCFA39411CA2CEA /* Resources */,
				29B97323FDCFA39411CA2CEA /* Frameworks */,
				19C28FACFE9D520D11CA2CBB /* Products */,
				654DBC1709C9D0320061BFA4 /* Documentation */,
			);
			name = Punakea;
			sourceTree = "<group>";
		};
		29B97315FDCFA39411CA2CEA /* Other Sources */ = {
			isa = PBXGroup;
			children = (
				32CA4F630368D1EE00C91783 /* punakea_Prefix.pch */,
			);
			name = "Other Sources";
			sourceTree = "<group>";
		};
		29B97317FDCFA39411CA2CEA /* Resources */ = {
			isa = PBXGroup;
			children = (
				6562A1D40996399100DBE7DB /* Images */,
				8D1107310486CEB800E47090 /* Info.plist */,
				089C165CFE840E0CC02AAC07 /* InfoPlist.strings */,
				65E7B0190994D02E00565251 /* MainMenu.nib */,
				65E7B01E0994D0AE00565251 /* Sidebar.nib */,
			);
			name = Resources;
			sourceTree = "<group>";
		};
		29B97323FDCFA39411CA2CEA /* Frameworks */ = {
			isa = PBXGroup;
			children = (
				1058C7A0FEA54F0111CA2CBB /* Linked Frameworks */,
				1058C7A2FEA54F0111CA2CBB /* Other Frameworks */,
			);
			name = Frameworks;
			sourceTree = "<group>";
		};
		489AE71309DD4D7800EB60EB /* Custom Views */ = {
			isa = PBXGroup;
			children = (
				489AE71409DD4DA900EB60EB /* PASelectedTagsView.h */,
				489AE71509DD4DA900EB60EB /* PASelectedTagsView.m */,
			);
			name = "Custom Views";
			sourceTree = "<group>";
		};
		48BDCECE09C4A1EE00A57165 /* TagCloud */ = {
			isa = PBXGroup;
			children = (
				48BDCEE409C4A4E300A57165 /* PATagCloud.h */,
				48BDCEE509C4A4E300A57165 /* PATagCloud.m */,
				4842FC0D09DA801500C4A931 /* PATagButton.h */,
				4842FC0E09DA801500C4A931 /* PATagButton.m */,
				4842FC1109DA804100C4A931 /* PATagButtonCell.h */,
				4842FC1209DA804100C4A931 /* PATagButtonCell.m */,
			);
			name = TagCloud;
			sourceTree = "<group>";
		};
		48F6A9F40996423000AA118D /* Tagging */ = {
			isa = PBXGroup;
			children = (
				486EBA4409D68F16000C154C /* PAFileBox.h */,
				486EBA4309D68F16000C154C /* PAFileBox.m */,
				48AA6BF5099B78E300D8F70B /* PATagger.h */,
				48AA6BF6099B78E300D8F70B /* PATagger.m */,
				48C93614099742D800699265 /* Matador.h */,
				48C9362D099743F200699265 /* NSObject.h */,
				481BF27609A3128600EBD7BA /* PATag.h */,
				48D8F01109CBE94C0011401F /* PATag.m */,
				481BF2F009A31B9B00EBD7BA /* PATagSet.h */,
				481BF2F109A31B9B00EBD7BA /* PATagSet.m */,
				48EB614209C2D4A40071D654 /* PARelatedTags.h */,
				48EB614309C2D4A40071D654 /* PARelatedTags.m */,
				48D66A5D09CB3752007B6B1D /* PASimpleTag.h */,
				48D66A5E09CB3752007B6B1D /* PASimpleTag.m */,
				48D66AFB09CB4C5A007B6B1D /* PATagFactory.h */,
				48D66AFC09CB4C5A007B6B1D /* PATagFactory.m */,
				48D66B0509CB4E4B007B6B1D /* PASimpleTagFactory.h */,
				48D66B0609CB4E4B007B6B1D /* PASimpleTagFactory.m */,
			);
			name = Tagging;
			sourceTree = "<group>";
		};
		654DBC1709C9D0320061BFA4 /* Documentation */ = {
			isa = PBXGroup;
			children = (
				654DBC1A09C9D0620061BFA4 /* index.html */,
			);
			name = Documentation;
			sourceTree = "<group>";
		};
		6562A1D40996399100DBE7DB /* Images */ = {
			isa = PBXGroup;
			children = (
				65A4079109B9D53200B151F4 /* FileMatrix */,
				6562A1FF09963BD000DBE7DB /* Sidebar */,
			);
			name = Images;
			path = Resources;
			sourceTree = "<group>";
		};
		6562A1FF09963BD000DBE7DB /* Sidebar */ = {
			isa = PBXGroup;
			children = (
				6562A20209963C5100DBE7DB /* sidebarSelectionBackground.tiff */,
				6562A20309963C5100DBE7DB /* sidebarSelectionBackgroundFocus.tiff */,
				6562A20409963C5100DBE7DB /* sidebarSelectionBackgroundFocusSmall.tiff */,
				6562A20509963C5100DBE7DB /* sidebarSelectionBackgroundSmall.tiff */,
			);
			name = Sidebar;
			sourceTree = "<group>";
		};
		65851FFF099780E0009C3CA7 /* Main */ = {
			isa = PBXGroup;
			children = (
				489AE65309DD434600EB60EB /* SnappingWindow.h */,
				489AE65409DD434600EB60EB /* SnappingWindow.m */,
				659EBB4109D2D78300879091 /* PAImageButton.h */,
				659EBB4209D2D78300879091 /* PAImageButton.m */,
				65461C9309D0418F0076778E /* PAImageButtonCell.h */,
				65461C9409D0418F0076778E /* PAImageButtonCell.m */,
				65851FFA099780B9009C3CA7 /* ToolbarDelegateCategory.h */,
				65851FFB099780B9009C3CA7 /* ToolbarDelegateCategory.m */,
			);
			name = Main;
			sourceTree = "<group>";
		};
		6585A64809DC3D3300228C46 /* MetaMatrix */ = {
			isa = PBXGroup;
			children = (
				657BC5B809DD284200B0EB19 /* PAMetaMatrixGroupCell.h */,
				657BC5B909DD284200B0EB19 /* PAMetaMatrixGroupCell.m */,
				6585A64A09DC3D5A00228C46 /* PAMetaMatrixView.h */,
				6585A64B09DC3D5A00228C46 /* PAMetaMatrixView.m */,
				6585A64E09DC3DB300228C46 /* MetaMatrixController.h */,
				6585A64F09DC3DB300228C46 /* MetaMatrixController.m */,
			);
			name = MetaMatrix;
			sourceTree = "<group>";
		};
		65A4079109B9D53200B151F4 /* FileMatrix */ = {
			isa = PBXGroup;
			children = (
				651C4B5809B9FECE003E6626 /* CollapsedTriangleWhite.tiff */,
				65F9B96109D41B40008BF1BD /* CollapsedTriangleWhite_Pressed.tiff */,
				651C4B5909B9FECE003E6626 /* ExpandedTriangleWhite.tiff */,
				65F9B96209D41B40008BF1BD /* ExpandedTriangleWhite_Pressed.tiff */,
				65A4079609B9D6BA00B151F4 /* MD0-0-Middle-1.tiff */,
				659EBBB009D2DC3D00879091 /* MDIconViewOff-1.tiff */,
				656C599F09D30D9E008AA115 /* MDIconViewOn-1.tiff */,
				65F9B95B09D41AA0008BF1BD /* MDIconViewPressed-1.tiff */,
			);
			name = FileMatrix;
			sourceTree = "<group>";
		};
		65AAA754099B724500F14C52 /* FileMatrix */ = {
			isa = PBXGroup;
			children = (
				65765BCD09BEE8C200977A34 /* PAFileMatrix.h */,
				65765BCE09BEE8C200977A34 /* PAFileMatrix.m */,
			);
			name = FileMatrix;
			sourceTree = "<group>";
		};
		65B17321099564A800B10322 /* Controllers */ = {
			isa = PBXGroup;
			children = (
				29B97316FDCFA39411CA2CEA /* main.m */,
				65E7B0690994D5AA00565251 /* Controller.h */,
				65E7B06A0994D5AA00565251 /* Controller.m */,
				48E9C2F509A5C27600415AC7 /* TaggerViewController.h */,
				48E9C2F409A5C27600415AC7 /* TaggerViewController.m */,
				65E7B43C0994E3D000565251 /* SubViewController.h */,
				65E7B43D0994E3D000565251 /* SubViewController.m */,
				480FFF9909DACF0900C1E6BA /* PATagCloudController.h */,
				480FFF9A09DACF0900C1E6BA /* PATagCloudController.m */,
			);
			name = Controllers;
			sourceTree = "<group>";
		};
		65B17322099564C400B10322 /* Sidebar */ = {
			isa = PBXGroup;
			children = (
				65C341BA0996107300C3B5AC /* PASidebarCell.h */,
				65C341BB0996107300C3B5AC /* PASidebarCell.m */,
				6535E5010995F80F0067528D /* PASidebarTableView.h */,
				6535E5020995F80F0067528D /* PASidebarTableView.m */,
				65B172F2099562A700B10322 /* PASidebarView.h */,
				65B172F3099562A700B10322 /* PASidebarView.m */,
				651CF19E099B9F98007E48DD /* SidebarDelegateCategory.h */,
				651CF19F099B9F98007E48DD /* SidebarDelegateCategory.m */,
			);
			name = Sidebar;
			sourceTree = "<group>";
		};
/* End PBXGroup section */

/* Begin PBXNativeTarget section */
		8D1107260486CEB800E47090 /* Punakea */ = {
			isa = PBXNativeTarget;
			buildConfigurationList = C01FCF4A08A954540054247B /* Build configuration list for PBXNativeTarget "Punakea" */;
			buildPhases = (
				8D1107290486CEB800E47090 /* Resources */,
				8D11072C0486CEB800E47090 /* Sources */,
				8D11072E0486CEB800E47090 /* Frameworks */,
				65E7B37C0994D97500565251 /* CopyFiles */,
				654DBC2009C9D1230061BFA4 /* Create Documentation */,
			);
			buildRules = (
			);
			buildSettings = {
			};
			dependencies = (
			);
			name = Punakea;
			productInstallPath = "$(HOME)/Applications";
			productName = Punakea;
			productReference = 8D1107320486CEB800E47090 /* Punakea.app */;
			productType = "com.apple.product-type.application";
		};
/* End PBXNativeTarget section */

/* Begin PBXProject section */
		29B97313FDCFA39411CA2CEA /* Project object */ = {
			isa = PBXProject;
			buildConfigurationList = C01FCF4E08A954540054247B /* Build configuration list for PBXProject "punakea" */;
			buildSettings = {
			};
			buildStyles = (
				4A9504CCFFE6A4B311CA0CBA /* Debug */,
				4A9504CDFFE6A4B311CA0CBA /* Release */,
			);
			hasScannedForEncodings = 1;
			mainGroup = 29B97314FDCFA39411CA2CEA /* Punakea */;
			projectDirPath = "";
			targets = (
				8D1107260486CEB800E47090 /* Punakea */,
			);
		};
/* End PBXProject section */

/* Begin PBXResourcesBuildPhase section */
		8D1107290486CEB800E47090 /* Resources */ = {
			isa = PBXResourcesBuildPhase;
			buildActionMask = 2147483647;
			files = (
				65E7B01A0994D02E00565251 /* MainMenu.nib in Resources */,
				8D11072B0486CEB800E47090 /* InfoPlist.strings in Resources */,
				65E7B0200994D0AE00565251 /* Sidebar.nib in Resources */,
				6562A20609963C5100DBE7DB /* sidebarSelectionBackground.tiff in Resources */,
				6562A20709963C5100DBE7DB /* sidebarSelectionBackgroundFocus.tiff in Resources */,
				6562A20809963C5100DBE7DB /* sidebarSelectionBackgroundFocusSmall.tiff in Resources */,
				6562A20909963C5100DBE7DB /* sidebarSelectionBackgroundSmall.tiff in Resources */,
				65A4079709B9D6BA00B151F4 /* MD0-0-Middle-1.tiff in Resources */,
				651C4B5A09B9FECE003E6626 /* CollapsedTriangleWhite.tiff in Resources */,
				651C4B5B09B9FECE003E6626 /* ExpandedTriangleWhite.tiff in Resources */,
				654DBC1B09C9D0620061BFA4 /* index.html in Resources */,
				659EBBB109D2DC3D00879091 /* MDIconViewOff-1.tiff in Resources */,
				656C59A009D30D9E008AA115 /* MDIconViewOn-1.tiff in Resources */,
				65F9B95C09D41AA0008BF1BD /* MDIconViewPressed-1.tiff in Resources */,
				65F9B96309D41B40008BF1BD /* CollapsedTriangleWhite_Pressed.tiff in Resources */,
				65F9B96409D41B40008BF1BD /* ExpandedTriangleWhite_Pressed.tiff in Resources */,
			);
			runOnlyForDeploymentPostprocessing = 0;
		};
/* End PBXResourcesBuildPhase section */

/* Begin PBXShellScriptBuildPhase section */
		654DBC2009C9D1230061BFA4 /* Create Documentation */ = {
			isa = PBXShellScriptBuildPhase;
			buildActionMask = 2147483647;
			files = (
			);
			inputPaths = (
			);
			name = "Create Documentation";
			outputPaths = (
			);
			runOnlyForDeploymentPostprocessing = 0;
			shellPath = /bin/sh;
			shellScript = "/Applications/Doxygen.app/Contents/Resources/doxygen Doxyfile";
		};
/* End PBXShellScriptBuildPhase section */

/* Begin PBXSourcesBuildPhase section */
		8D11072C0486CEB800E47090 /* Sources */ = {
			isa = PBXSourcesBuildPhase;
			buildActionMask = 2147483647;
			files = (
				8D11072D0486CEB800E47090 /* main.m in Sources */,
				65E7B06B0994D5AA00565251 /* Controller.m in Sources */,
				65E7B43F0994E3D100565251 /* SubViewController.m in Sources */,
				65B172F5099562A700B10322 /* PASidebarView.m in Sources */,
				6535E5040995F80F0067528D /* PASidebarTableView.m in Sources */,
				65C341BD0996107300C3B5AC /* PASidebarCell.m in Sources */,
				65851FFD099780B9009C3CA7 /* ToolbarDelegateCategory.m in Sources */,
				48AA6BF8099B78E300D8F70B /* PATagger.m in Sources */,
				651CF1A1099B9F98007E48DD /* SidebarDelegateCategory.m in Sources */,
				481BF2F309A31B9B00EBD7BA /* PATagSet.m in Sources */,
				48E9C2F609A5C27600415AC7 /* TaggerViewController.m in Sources */,
				65765BD009BEE8C300977A34 /* PAFileMatrix.m in Sources */,
				48EB614509C2D4A40071D654 /* PARelatedTags.m in Sources */,
				48BDCEE709C4A4E300A57165 /* PATagCloud.m in Sources */,
				48D66A6009CB3752007B6B1D /* PASimpleTag.m in Sources */,
				48D66AFE09CB4C5A007B6B1D /* PATagFactory.m in Sources */,
				48D66B0809CB4E4B007B6B1D /* PASimpleTagFactory.m in Sources */,
				48D8F01209CBE94C0011401F /* PATag.m in Sources */,
				65461C9609D0418F0076778E /* PAImageButtonCell.m in Sources */,
				659EBB4409D2D78300879091 /* PAImageButton.m in Sources */,
				486EBA4509D68F16000C154C /* PAFileBox.m in Sources */,
				4842FC1009DA801700C4A931 /* PATagButton.m in Sources */,
				4842FC1409DA804100C4A931 /* PATagButtonCell.m in Sources */,
				480FFF9C09DACF0900C1E6BA /* PATagCloudController.m in Sources */,
				6585A64D09DC3D5A00228C46 /* PAMetaMatrixView.m in Sources */,
				6585A65109DC3DB300228C46 /* MetaMatrixController.m in Sources */,
				657BC5BB09DD284200B0EB19 /* PAMetaMatrixGroupCell.m in Sources */,
				489AE65609DD434600EB60EB /* SnappingWindow.m in Sources */,
				489AE71709DD4DA900EB60EB /* PASelectedTagsView.m in Sources */,
			);
			runOnlyForDeploymentPostprocessing = 0;
		};
/* End PBXSourcesBuildPhase section */

/* Begin PBXVariantGroup section */
		089C165CFE840E0CC02AAC07 /* InfoPlist.strings */ = {
			isa = PBXVariantGroup;
			children = (
				089C165DFE840E0CC02AAC07 /* English */,
			);
			name = InfoPlist.strings;
			sourceTree = "<group>";
		};
		65E7B0190994D02E00565251 /* MainMenu.nib */ = {
			isa = PBXVariantGroup;
			children = (
				29B97319FDCFA39411CA2CEA /* English */,
			);
			name = MainMenu.nib;
			sourceTree = "<group>";
		};
		65E7B01E0994D0AE00565251 /* Sidebar.nib */ = {
			isa = PBXVariantGroup;
			children = (
				65E7B01F0994D0AE00565251 /* English */,
			);
			name = Sidebar.nib;
			sourceTree = "<group>";
		};
/* End PBXVariantGroup section */

/* Begin XCBuildConfiguration section */
		C01FCF4B08A954540054247B /* Debug */ = {
			isa = XCBuildConfiguration;
			buildSettings = {
				COPY_PHASE_STRIP = NO;
				FRAMEWORK_SEARCH_PATHS = "$(FRAMEWORK_SEARCH_PATHS)";
				GCC_DYNAMIC_NO_PIC = NO;
				GCC_ENABLE_FIX_AND_CONTINUE = YES;
				GCC_MODEL_TUNING = G5;
				GCC_OPTIMIZATION_LEVEL = 0;
				INFOPLIST_FILE = Info.plist;
				INSTALL_PATH = "$(HOME)/Applications";
				PRODUCT_NAME = Punakea;
				WRAPPER_EXTENSION = app;
				ZERO_LINK = YES;
			};
			name = Debug;
		};
		C01FCF4C08A954540054247B /* Release */ = {
			isa = XCBuildConfiguration;
			buildSettings = {
				ARCHS = (
					ppc,
					i386,
				);
				FRAMEWORK_SEARCH_PATHS = "$(FRAMEWORK_SEARCH_PATHS)";
				GCC_GENERATE_DEBUGGING_SYMBOLS = NO;
				GCC_MODEL_TUNING = G5;
				INFOPLIST_FILE = Info.plist;
				INSTALL_PATH = "$(HOME)/Applications";
				PRODUCT_NAME = Punakea;
				WRAPPER_EXTENSION = app;
			};
			name = Release;
		};
		C01FCF4F08A954540054247B /* Debug */ = {
			isa = XCBuildConfiguration;
			buildSettings = {
				GCC_WARN_ABOUT_RETURN_TYPE = YES;
				GCC_WARN_UNUSED_VARIABLE = YES;
				PREBINDING = NO;
				SDKROOT = /Developer/SDKs/MacOSX10.4u.sdk;
			};
			name = Debug;
		};
		C01FCF5008A954540054247B /* Release */ = {
			isa = XCBuildConfiguration;
			buildSettings = {
				GCC_WARN_ABOUT_RETURN_TYPE = YES;
				GCC_WARN_UNUSED_VARIABLE = YES;
				PREBINDING = NO;
				SDKROOT = /Developer/SDKs/MacOSX10.4u.sdk;
			};
			name = Release;
		};
/* End XCBuildConfiguration section */

/* Begin XCConfigurationList section */
		C01FCF4A08A954540054247B /* Build configuration list for PBXNativeTarget "Punakea" */ = {
			isa = XCConfigurationList;
			buildConfigurations = (
				C01FCF4B08A954540054247B /* Debug */,
				C01FCF4C08A954540054247B /* Release */,
			);
			defaultConfigurationIsVisible = 0;
			defaultConfigurationName = Release;
		};
		C01FCF4E08A954540054247B /* Build configuration list for PBXProject "punakea" */ = {
			isa = XCConfigurationList;
			buildConfigurations = (
				C01FCF4F08A954540054247B /* Debug */,
				C01FCF5008A954540054247B /* Release */,
			);
			defaultConfigurationIsVisible = 0;
			defaultConfigurationName = Release;
		};
/* End XCConfigurationList section */
	};
	rootObject = 29B97313FDCFA39411CA2CEA /* Project object */;
}
