// !$*UTF8*$!
{
	archiveVersion = 1;
	classes = {
	};
	objectVersion = 42;
	objects = {

/* Begin PBXBuildFile section */
		480FFF9B09DACF0900C1E6BA /* PATagCloudController.h in CopyFiles */ = {isa = PBXBuildFile; fileRef = 480FFF9909DACF0900C1E6BA /* PATagCloudController.h */; };
		480FFF9C09DACF0900C1E6BA /* PATagCloudController.m in Sources */ = {isa = PBXBuildFile; fileRef = 480FFF9A09DACF0900C1E6BA /* PATagCloudController.m */; };
		481BF27809A3128600EBD7BA /* PATag.h in CopyFiles */ = {isa = PBXBuildFile; fileRef = 481BF27609A3128600EBD7BA /* PATag.h */; };
		481BF2F209A31B9B00EBD7BA /* PATagSet.h in CopyFiles */ = {isa = PBXBuildFile; fileRef = 481BF2F009A31B9B00EBD7BA /* PATagSet.h */; };
		481BF2F309A31B9B00EBD7BA /* PATagSet.m in Sources */ = {isa = PBXBuildFile; fileRef = 481BF2F109A31B9B00EBD7BA /* PATagSet.m */; };
		4840AC3F0A4FFEE50046484E /* PASidebarContentView.h in CopyFiles */ = {isa = PBXBuildFile; fileRef = 4840AC3D0A4FFEE50046484E /* PASidebarContentView.h */; };
		4840AC400A4FFEE50046484E /* PASidebarContentView.m in Sources */ = {isa = PBXBuildFile; fileRef = 4840AC3E0A4FFEE50046484E /* PASidebarContentView.m */; };
		4842FC0F09DA801500C4A931 /* PATagButton.h in CopyFiles */ = {isa = PBXBuildFile; fileRef = 4842FC0D09DA801500C4A931 /* PATagButton.h */; };
		4842FC1009DA801700C4A931 /* PATagButton.m in Sources */ = {isa = PBXBuildFile; fileRef = 4842FC0E09DA801500C4A931 /* PATagButton.m */; };
		4842FC1309DA804100C4A931 /* PATagButtonCell.h in CopyFiles */ = {isa = PBXBuildFile; fileRef = 4842FC1109DA804100C4A931 /* PATagButtonCell.h */; };
		4842FC1409DA804100C4A931 /* PATagButtonCell.m in Sources */ = {isa = PBXBuildFile; fileRef = 4842FC1209DA804100C4A931 /* PATagButtonCell.m */; };
		485DA54D09F4EC38008D3214 /* PASelectedTags.h in CopyFiles */ = {isa = PBXBuildFile; fileRef = 485DA54B09F4EC38008D3214 /* PASelectedTags.h */; };
		485DA54E09F4EC38008D3214 /* PASelectedTags.m in Sources */ = {isa = PBXBuildFile; fileRef = 485DA54C09F4EC38008D3214 /* PASelectedTags.m */; };
		485DA55509F4ECBC008D3214 /* PATags.h in CopyFiles */ = {isa = PBXBuildFile; fileRef = 485DA55309F4ECBC008D3214 /* PATags.h */; };
		485DA55609F4ECBC008D3214 /* PATags.m in Sources */ = {isa = PBXBuildFile; fileRef = 485DA55409F4ECBC008D3214 /* PATags.m */; };
		485FAF2C0A0DE54C0088AC08 /* PATableViewDropController.h in CopyFiles */ = {isa = PBXBuildFile; fileRef = 485FAF2A0A0DE54C0088AC08 /* PATableViewDropController.h */; };
		485FAF2D0A0DE54C0088AC08 /* PATableViewDropController.m in Sources */ = {isa = PBXBuildFile; fileRef = 485FAF2B0A0DE54C0088AC08 /* PATableViewDropController.m */; };
		486EBA4509D68F16000C154C /* PAFileBox.m in Sources */ = {isa = PBXBuildFile; fileRef = 486EBA4309D68F16000C154C /* PAFileBox.m */; };
		486EBA4609D68F16000C154C /* PAFileBox.h in CopyFiles */ = {isa = PBXBuildFile; fileRef = 486EBA4409D68F16000C154C /* PAFileBox.h */; };
		4870213B0A4FC1EC00CD5E75 /* PASidebar.h in CopyFiles */ = {isa = PBXBuildFile; fileRef = 487021390A4FC1EC00CD5E75 /* PASidebar.h */; };
		4870213C0A4FC1EC00CD5E75 /* PASidebar.m in Sources */ = {isa = PBXBuildFile; fileRef = 4870213A0A4FC1EC00CD5E75 /* PASidebar.m */; };
		4870698E0A0C933C00A3ADE2 /* PATypeAheadFind.h in CopyFiles */ = {isa = PBXBuildFile; fileRef = 4870698C0A0C933C00A3ADE2 /* PATypeAheadFind.h */; };
		4870698F0A0C933C00A3ADE2 /* PATypeAheadFind.m in Sources */ = {isa = PBXBuildFile; fileRef = 4870698D0A0C933C00A3ADE2 /* PATypeAheadFind.m */; };
		488E18BD0A27231F009D2826 /* PASidebarTagCell.h in CopyFiles */ = {isa = PBXBuildFile; fileRef = 488E18BB0A27231F009D2826 /* PASidebarTagCell.h */; };
		488E18BE0A27231F009D2826 /* PASidebarTagCell.m in Sources */ = {isa = PBXBuildFile; fileRef = 488E18BC0A27231F009D2826 /* PASidebarTagCell.m */; };
		489AE65509DD434600EB60EB /* SnappingWindow.h in CopyFiles */ = {isa = PBXBuildFile; fileRef = 489AE65309DD434600EB60EB /* SnappingWindow.h */; };
		489AE65609DD434600EB60EB /* SnappingWindow.m in Sources */ = {isa = PBXBuildFile; fileRef = 489AE65409DD434600EB60EB /* SnappingWindow.m */; };
		489AE71609DD4DA900EB60EB /* PASelectedTagsView.h in CopyFiles */ = {isa = PBXBuildFile; fileRef = 489AE71409DD4DA900EB60EB /* PASelectedTagsView.h */; };
		489AE71709DD4DA900EB60EB /* PASelectedTagsView.m in Sources */ = {isa = PBXBuildFile; fileRef = 489AE71509DD4DA900EB60EB /* PASelectedTagsView.m */; };
		48AA6BF7099B78E300D8F70B /* PATagger.h in CopyFiles */ = {isa = PBXBuildFile; fileRef = 48AA6BF5099B78E300D8F70B /* PATagger.h */; };
		48AA6BF8099B78E300D8F70B /* PATagger.m in Sources */ = {isa = PBXBuildFile; fileRef = 48AA6BF6099B78E300D8F70B /* PATagger.m */; };
		48BDCEE609C4A4E300A57165 /* PATagCloud.h in CopyFiles */ = {isa = PBXBuildFile; fileRef = 48BDCEE409C4A4E300A57165 /* PATagCloud.h */; };
		48BDCEE709C4A4E300A57165 /* PATagCloud.m in Sources */ = {isa = PBXBuildFile; fileRef = 48BDCEE509C4A4E300A57165 /* PATagCloud.m */; };
		48C93615099742D800699265 /* Matador.h in CopyFiles */ = {isa = PBXBuildFile; fileRef = 48C93614099742D800699265 /* Matador.h */; };
		48C9362E099743F200699265 /* NSObject.h in CopyFiles */ = {isa = PBXBuildFile; fileRef = 48C9362D099743F200699265 /* NSObject.h */; };
		48D66A5F09CB3752007B6B1D /* PASimpleTag.h in CopyFiles */ = {isa = PBXBuildFile; fileRef = 48D66A5D09CB3752007B6B1D /* PASimpleTag.h */; };
		48D66A6009CB3752007B6B1D /* PASimpleTag.m in Sources */ = {isa = PBXBuildFile; fileRef = 48D66A5E09CB3752007B6B1D /* PASimpleTag.m */; };
		48D66AFD09CB4C5A007B6B1D /* PATagFactory.h in CopyFiles */ = {isa = PBXBuildFile; fileRef = 48D66AFB09CB4C5A007B6B1D /* PATagFactory.h */; };
		48D66AFE09CB4C5A007B6B1D /* PATagFactory.m in Sources */ = {isa = PBXBuildFile; fileRef = 48D66AFC09CB4C5A007B6B1D /* PATagFactory.m */; };
		48D66B0709CB4E4B007B6B1D /* PASimpleTagFactory.h in CopyFiles */ = {isa = PBXBuildFile; fileRef = 48D66B0509CB4E4B007B6B1D /* PASimpleTagFactory.h */; };
		48D66B0809CB4E4B007B6B1D /* PASimpleTagFactory.m in Sources */ = {isa = PBXBuildFile; fileRef = 48D66B0609CB4E4B007B6B1D /* PASimpleTagFactory.m */; };
		48D81DAD09F79C1C0075EE44 /* TaggerController.h in CopyFiles */ = {isa = PBXBuildFile; fileRef = 48D81DAB09F79C1C0075EE44 /* TaggerController.h */; };
		48D81DAE09F79C1C0075EE44 /* TaggerController.m in Sources */ = {isa = PBXBuildFile; fileRef = 48D81DAC09F79C1C0075EE44 /* TaggerController.m */; };
		48D8F01209CBE94C0011401F /* PATag.m in Sources */ = {isa = PBXBuildFile; fileRef = 48D8F01109CBE94C0011401F /* PATag.m */; };
		48E093EC09EFD08F00497646 /* Tagger.nib in Resources */ = {isa = PBXBuildFile; fileRef = 48E093EB09EFD08F00497646 /* Tagger.nib */; };
		48E9C2F609A5C27600415AC7 /* SideViewController.m in Sources */ = {isa = PBXBuildFile; fileRef = 48E9C2F409A5C27600415AC7 /* SideViewController.m */; };
		48E9C2F709A5C27600415AC7 /* SideViewController.h in CopyFiles */ = {isa = PBXBuildFile; fileRef = 48E9C2F509A5C27600415AC7 /* SideViewController.h */; };
		48EB614409C2D4A40071D654 /* PARelatedTags.h in CopyFiles */ = {isa = PBXBuildFile; fileRef = 48EB614209C2D4A40071D654 /* PARelatedTags.h */; };
		48EB614509C2D4A40071D654 /* PARelatedTags.m in Sources */ = {isa = PBXBuildFile; fileRef = 48EB614309C2D4A40071D654 /* PARelatedTags.m */; };
		65035FCB0A20769500AD0597 /* PAQuery.h in CopyFiles */ = {isa = PBXBuildFile; fileRef = 65035FC90A20769500AD0597 /* PAQuery.h */; };
		65035FCC0A20769500AD0597 /* PAQuery.m in Sources */ = {isa = PBXBuildFile; fileRef = 65035FCA0A20769500AD0597 /* PAQuery.m */; };
		650362520A2084BE00AD0597 /* PAQueryResultGroup.m in Sources */ = {isa = PBXBuildFile; fileRef = 650362500A2084BE00AD0597 /* PAQueryResultGroup.m */; };
		651C4B5A09B9FECE003E6626 /* CollapsedTriangleWhite.tiff in Resources */ = {isa = PBXBuildFile; fileRef = 651C4B5809B9FECE003E6626 /* CollapsedTriangleWhite.tiff */; };
		651C4B5B09B9FECE003E6626 /* ExpandedTriangleWhite.tiff in Resources */ = {isa = PBXBuildFile; fileRef = 651C4B5909B9FECE003E6626 /* ExpandedTriangleWhite.tiff */; };
		651CF1A0099B9F98007E48DD /* SidebarDelegateCategory.h in CopyFiles */ = {isa = PBXBuildFile; fileRef = 651CF19E099B9F98007E48DD /* SidebarDelegateCategory.h */; };
		651CF1A1099B9F98007E48DD /* SidebarDelegateCategory.m in Sources */ = {isa = PBXBuildFile; fileRef = 651CF19F099B9F98007E48DD /* SidebarDelegateCategory.m */; };
		6525F34E09EA3C2B006E1FB7 /* PASegmentedImageControl.h in CopyFiles */ = {isa = PBXBuildFile; fileRef = 6525F34C09EA3C2B006E1FB7 /* PASegmentedImageControl.h */; };
		6525F34F09EA3C2B006E1FB7 /* PASegmentedImageControl.m in Sources */ = {isa = PBXBuildFile; fileRef = 6525F34D09EA3C2B006E1FB7 /* PASegmentedImageControl.m */; };
		6525F46E09EA4FBD006E1FB7 /* MDListViewOff-1.tiff in Resources */ = {isa = PBXBuildFile; fileRef = 6525F46B09EA4FBD006E1FB7 /* MDListViewOff-1.tiff */; };
		6525F46F09EA4FBD006E1FB7 /* MDListViewOn-1.tiff in Resources */ = {isa = PBXBuildFile; fileRef = 6525F46C09EA4FBD006E1FB7 /* MDListViewOn-1.tiff */; };
		6525F47009EA4FBD006E1FB7 /* MDListViewPressed-1.tiff in Resources */ = {isa = PBXBuildFile; fileRef = 6525F46D09EA4FBD006E1FB7 /* MDListViewPressed-1.tiff */; };
		6535E5030995F80F0067528D /* PASidebarTableView.h in CopyFiles */ = {isa = PBXBuildFile; fileRef = 6535E5010995F80F0067528D /* PASidebarTableView.h */; };
		6535E5040995F80F0067528D /* PASidebarTableView.m in Sources */ = {isa = PBXBuildFile; fileRef = 6535E5020995F80F0067528D /* PASidebarTableView.m */; };
		653DCE1809E295C8009175E5 /* MDSimpleGrouping.strings in Resources */ = {isa = PBXBuildFile; fileRef = 653DCE1709E295C8009175E5 /* MDSimpleGrouping.strings */; };
		65461C9509D0418F0076778E /* PAImageButtonCell.h in CopyFiles */ = {isa = PBXBuildFile; fileRef = 65461C9309D0418F0076778E /* PAImageButtonCell.h */; };
		65461C9609D0418F0076778E /* PAImageButtonCell.m in Sources */ = {isa = PBXBuildFile; fileRef = 65461C9409D0418F0076778E /* PAImageButtonCell.m */; };
		654DBC1B09C9D0620061BFA4 /* index.html in Resources */ = {isa = PBXBuildFile; fileRef = 654DBC1A09C9D0620061BFA4 /* index.html */; };
		6557CAF40A44663E00902BF3 /* PAResultsMultiItemThumbnailCell.h in CopyFiles */ = {isa = PBXBuildFile; fileRef = 6557CAF20A44663E00902BF3 /* PAResultsMultiItemThumbnailCell.h */; };
		6557CAF50A44663E00902BF3 /* PAResultsMultiItemThumbnailCell.m in Sources */ = {isa = PBXBuildFile; fileRef = 6557CAF30A44663E00902BF3 /* PAResultsMultiItemThumbnailCell.m */; };
		6562A20609963C5100DBE7DB /* sidebarSelectionBackground.tiff in Resources */ = {isa = PBXBuildFile; fileRef = 6562A20209963C5100DBE7DB /* sidebarSelectionBackground.tiff */; };
		6562A20709963C5100DBE7DB /* sidebarSelectionBackgroundFocus.tiff in Resources */ = {isa = PBXBuildFile; fileRef = 6562A20309963C5100DBE7DB /* sidebarSelectionBackgroundFocus.tiff */; };
		6562A20809963C5100DBE7DB /* sidebarSelectionBackgroundFocusSmall.tiff in Resources */ = {isa = PBXBuildFile; fileRef = 6562A20409963C5100DBE7DB /* sidebarSelectionBackgroundFocusSmall.tiff */; };
		6562A20909963C5100DBE7DB /* sidebarSelectionBackgroundSmall.tiff in Resources */ = {isa = PBXBuildFile; fileRef = 6562A20509963C5100DBE7DB /* sidebarSelectionBackgroundSmall.tiff */; };
		6563884B09E419D300BE59AE /* PAResultsItemCell.h in CopyFiles */ = {isa = PBXBuildFile; fileRef = 6563884909E419D300BE59AE /* PAResultsItemCell.h */; };
		6563884C09E419D300BE59AE /* PAResultsItemCell.m in Sources */ = {isa = PBXBuildFile; fileRef = 6563884A09E419D300BE59AE /* PAResultsItemCell.m */; };
		656C59A009D30D9E008AA115 /* MDIconViewOn-1.tiff in Resources */ = {isa = PBXBuildFile; fileRef = 656C599F09D30D9E008AA115 /* MDIconViewOn-1.tiff */; };
		65851FFC099780B9009C3CA7 /* ToolbarDelegateCategory.h in CopyFiles */ = {isa = PBXBuildFile; fileRef = 65851FFA099780B9009C3CA7 /* ToolbarDelegateCategory.h */; };
		65851FFD099780B9009C3CA7 /* ToolbarDelegateCategory.m in Sources */ = {isa = PBXBuildFile; fileRef = 65851FFB099780B9009C3CA7 /* ToolbarDelegateCategory.m */; };
		6588EE160A07463D00082718 /* MDIconViewOffDisabled.tiff in Resources */ = {isa = PBXBuildFile; fileRef = 6588EE120A07463D00082718 /* MDIconViewOffDisabled.tiff */; };
		6588EE170A07463D00082718 /* MDIconViewOnDisabled.tiff in Resources */ = {isa = PBXBuildFile; fileRef = 6588EE130A07463D00082718 /* MDIconViewOnDisabled.tiff */; };
		6588EE180A07463D00082718 /* MDListViewOffDisabled.tiff in Resources */ = {isa = PBXBuildFile; fileRef = 6588EE140A07463D00082718 /* MDListViewOffDisabled.tiff */; };
		6588EE190A07463D00082718 /* MDListViewOnDisabled.tiff in Resources */ = {isa = PBXBuildFile; fileRef = 6588EE150A07463D00082718 /* MDListViewOnDisabled.tiff */; };
		658DCD0909E2581F008FBC2C /* ResultsOutlineViewController.h in CopyFiles */ = {isa = PBXBuildFile; fileRef = 658DCD0709E2581F008FBC2C /* ResultsOutlineViewController.h */; };
		658DCD0A09E2581F008FBC2C /* ResultsOutlineViewController.m in Sources */ = {isa = PBXBuildFile; fileRef = 658DCD0809E2581F008FBC2C /* ResultsOutlineViewController.m */; };
		658DCD0F09E25908008FBC2C /* QueryDelegateCategory.h in CopyFiles */ = {isa = PBXBuildFile; fileRef = 658DCD0D09E25908008FBC2C /* QueryDelegateCategory.h */; };
		658DCD1009E25908008FBC2C /* QueryDelegateCategory.m in Sources */ = {isa = PBXBuildFile; fileRef = 658DCD0E09E25908008FBC2C /* QueryDelegateCategory.m */; };
		658DCD1A09E25A4F008FBC2C /* MDSimpleGrouping.plist in Resources */ = {isa = PBXBuildFile; fileRef = 658DCD1909E25A4F008FBC2C /* MDSimpleGrouping.plist */; };
		658EA77D099798A6005F13DE /* Message.framework in Frameworks */ = {isa = PBXBuildFile; fileRef = 658EA77C099798A6005F13DE /* Message.framework */; };
		65903EFF0A4BFE9900ADDC1D /* PASelectedTagCell.h in CopyFiles */ = {isa = PBXBuildFile; fileRef = 65903EFD0A4BFE9900ADDC1D /* PASelectedTagCell.h */; };
		65903F000A4BFE9900ADDC1D /* PASelectedTagCell.m in Sources */ = {isa = PBXBuildFile; fileRef = 65903EFE0A4BFE9900ADDC1D /* PASelectedTagCell.m */; };
		659040CF0A4C058400ADDC1D /* pane_key-buttonFill-H1.tiff in Resources */ = {isa = PBXBuildFile; fileRef = 659040BB0A4C058400ADDC1D /* pane_key-buttonFill-H1.tiff */; };
		659040D00A4C058400ADDC1D /* pane_key-buttonFill-N.tiff in Resources */ = {isa = PBXBuildFile; fileRef = 659040BC0A4C058400ADDC1D /* pane_key-buttonFill-N.tiff */; };
		659040D10A4C058400ADDC1D /* pane_key-buttonFill-P.tiff in Resources */ = {isa = PBXBuildFile; fileRef = 659040BD0A4C058400ADDC1D /* pane_key-buttonFill-P.tiff */; };
		659040D30A4C058400ADDC1D /* pane_key-buttonFill-P1.tiff in Resources */ = {isa = PBXBuildFile; fileRef = 659040BF0A4C058400ADDC1D /* pane_key-buttonFill-P1.tiff */; };
		659040D50A4C058400ADDC1D /* pane_key-buttonLeft-H1.tiff in Resources */ = {isa = PBXBuildFile; fileRef = 659040C10A4C058400ADDC1D /* pane_key-buttonLeft-H1.tiff */; };
		659040D60A4C058400ADDC1D /* pane_key-buttonLeft-N.tiff in Resources */ = {isa = PBXBuildFile; fileRef = 659040C20A4C058400ADDC1D /* pane_key-buttonLeft-N.tiff */; };
		659040D70A4C058400ADDC1D /* pane_key-buttonLeft-P.tiff in Resources */ = {isa = PBXBuildFile; fileRef = 659040C30A4C058400ADDC1D /* pane_key-buttonLeft-P.tiff */; };
		659040D90A4C058400ADDC1D /* pane_key-buttonLeft-P1.tiff in Resources */ = {isa = PBXBuildFile; fileRef = 659040C50A4C058400ADDC1D /* pane_key-buttonLeft-P1.tiff */; };
		659040DB0A4C058400ADDC1D /* pane_key-buttonRight-H1.tiff in Resources */ = {isa = PBXBuildFile; fileRef = 659040C70A4C058400ADDC1D /* pane_key-buttonRight-H1.tiff */; };
		659040DC0A4C058400ADDC1D /* pane_key-buttonRight-N.tiff in Resources */ = {isa = PBXBuildFile; fileRef = 659040C80A4C058400ADDC1D /* pane_key-buttonRight-N.tiff */; };
		659040DD0A4C058400ADDC1D /* pane_key-buttonRight-P.tiff in Resources */ = {isa = PBXBuildFile; fileRef = 659040C90A4C058400ADDC1D /* pane_key-buttonRight-P.tiff */; };
		659040DF0A4C058400ADDC1D /* pane_key-buttonRight-P1.tiff in Resources */ = {isa = PBXBuildFile; fileRef = 659040CB0A4C058400ADDC1D /* pane_key-buttonRight-P1.tiff */; };
		659040E00A4C058400ADDC1D /* pane_key-favoriteIcon.tiff in Resources */ = {isa = PBXBuildFile; fileRef = 659040CC0A4C058400ADDC1D /* pane_key-favoriteIcon.tiff */; };
		659040E10A4C058400ADDC1D /* pane_key-resetIcon.tiff in Resources */ = {isa = PBXBuildFile; fileRef = 659040CD0A4C058400ADDC1D /* pane_key-resetIcon.tiff */; };
		6591FC6A09F521BA0026115A /* PAResultsMultiItemMatrix.h in CopyFiles */ = {isa = PBXBuildFile; fileRef = 6591FC6809F521BA0026115A /* PAResultsMultiItemMatrix.h */; };
		6591FC6B09F521BA0026115A /* PAResultsMultiItemMatrix.m in Sources */ = {isa = PBXBuildFile; fileRef = 6591FC6909F521BA0026115A /* PAResultsMultiItemMatrix.m */; };
		659EBB4309D2D78300879091 /* PAImageButton.h in CopyFiles */ = {isa = PBXBuildFile; fileRef = 659EBB4109D2D78300879091 /* PAImageButton.h */; };
		659EBB4409D2D78300879091 /* PAImageButton.m in Sources */ = {isa = PBXBuildFile; fileRef = 659EBB4209D2D78300879091 /* PAImageButton.m */; };
		659EBBB109D2DC3D00879091 /* MDIconViewOff-1.tiff in Resources */ = {isa = PBXBuildFile; fileRef = 659EBBB009D2DC3D00879091 /* MDIconViewOff-1.tiff */; };
		65A4079709B9D6BA00B151F4 /* MD0-0-Middle-1.tiff in Resources */ = {isa = PBXBuildFile; fileRef = 65A4079609B9D6BA00B151F4 /* MD0-0-Middle-1.tiff */; };
		65A74ABB09E3AA23001131A8 /* PAResultsTableColumn.h in CopyFiles */ = {isa = PBXBuildFile; fileRef = 65A74AB909E3AA23001131A8 /* PAResultsTableColumn.h */; };
		65A74ABC09E3AA23001131A8 /* PAResultsTableColumn.m in Sources */ = {isa = PBXBuildFile; fileRef = 65A74ABA09E3AA23001131A8 /* PAResultsTableColumn.m */; };
		65B172F4099562A700B10322 /* PASidebarView.h in CopyFiles */ = {isa = PBXBuildFile; fileRef = 65B172F2099562A700B10322 /* PASidebarView.h */; };
		65B172F5099562A700B10322 /* PASidebarView.m in Sources */ = {isa = PBXBuildFile; fileRef = 65B172F3099562A700B10322 /* PASidebarView.m */; };
		65C0D4270A0636ED00F13FA7 /* MD0-1-Middle-1.tiff in Resources */ = {isa = PBXBuildFile; fileRef = 65C0D4260A0636ED00F13FA7 /* MD0-1-Middle-1.tiff */; };
		65C0E03409E3ED9B006C5A7C /* transparent.tiff in Resources */ = {isa = PBXBuildFile; fileRef = 65C0E03309E3ED9B006C5A7C /* transparent.tiff */; };
		65C0E04309E3EF11006C5A7C /* PAResultsGroupCell.h in CopyFiles */ = {isa = PBXBuildFile; fileRef = 65C0E04109E3EF11006C5A7C /* PAResultsGroupCell.h */; };
		65C0E04409E3EF11006C5A7C /* PAResultsGroupCell.m in Sources */ = {isa = PBXBuildFile; fileRef = 65C0E04209E3EF11006C5A7C /* PAResultsGroupCell.m */; };
		65C341BC0996107300C3B5AC /* PASidebarCell.h in CopyFiles */ = {isa = PBXBuildFile; fileRef = 65C341BA0996107300C3B5AC /* PASidebarCell.h */; };
		65C341BD0996107300C3B5AC /* PASidebarCell.m in Sources */ = {isa = PBXBuildFile; fileRef = 65C341BB0996107300C3B5AC /* PASidebarCell.m */; };
		65C4890609E2C30F00A45A17 /* PAResultsOutlineView.h in CopyFiles */ = {isa = PBXBuildFile; fileRef = 65C4890409E2C30F00A45A17 /* PAResultsOutlineView.h */; };
		65C4890709E2C30F00A45A17 /* PAResultsOutlineView.m in Sources */ = {isa = PBXBuildFile; fileRef = 65C4890509E2C30F00A45A17 /* PAResultsOutlineView.m */; };
		65D86D3809F154DC006BCC8D /* PAResultsMultiItem.h in CopyFiles */ = {isa = PBXBuildFile; fileRef = 65D86D3609F154DC006BCC8D /* PAResultsMultiItem.h */; };
		65D86D3909F154DC006BCC8D /* PAResultsMultiItem.m in Sources */ = {isa = PBXBuildFile; fileRef = 65D86D3709F154DC006BCC8D /* PAResultsMultiItem.m */; };
		65D86D5B09F15BA8006BCC8D /* PAResultsMultiItemCell.h in CopyFiles */ = {isa = PBXBuildFile; fileRef = 65D86D5909F15BA7006BCC8D /* PAResultsMultiItemCell.h */; };
		65D86D5C09F15BA8006BCC8D /* PAResultsMultiItemCell.m in Sources */ = {isa = PBXBuildFile; fileRef = 65D86D5A09F15BA7006BCC8D /* PAResultsMultiItemCell.m */; };
		65D86E3E09F15E1B006BCC8D /* UserDefaults.plist in Resources */ = {isa = PBXBuildFile; fileRef = 65D86E3D09F15E1B006BCC8D /* UserDefaults.plist */; };
		65E7B01A0994D02E00565251 /* MainMenu.nib in Resources */ = {isa = PBXBuildFile; fileRef = 65E7B0190994D02E00565251 /* MainMenu.nib */; };
		65E7B0200994D0AE00565251 /* Sidebar.nib in Resources */ = {isa = PBXBuildFile; fileRef = 65E7B01E0994D0AE00565251 /* Sidebar.nib */; };
		65E7B06B0994D5AA00565251 /* Controller.m in Sources */ = {isa = PBXBuildFile; fileRef = 65E7B06A0994D5AA00565251 /* Controller.m */; };
		65E7B43E0994E3D100565251 /* SubViewController.h in CopyFiles */ = {isa = PBXBuildFile; fileRef = 65E7B43C0994E3D000565251 /* SubViewController.h */; };
		65E7B43F0994E3D100565251 /* SubViewController.m in Sources */ = {isa = PBXBuildFile; fileRef = 65E7B43D0994E3D000565251 /* SubViewController.m */; };
		65F9B95C09D41AA0008BF1BD /* MDIconViewPressed-1.tiff in Resources */ = {isa = PBXBuildFile; fileRef = 65F9B95B09D41AA0008BF1BD /* MDIconViewPressed-1.tiff */; };
		65F9B96309D41B40008BF1BD /* CollapsedTriangleWhite_Pressed.tiff in Resources */ = {isa = PBXBuildFile; fileRef = 65F9B96109D41B40008BF1BD /* CollapsedTriangleWhite_Pressed.tiff */; };
		65F9B96409D41B40008BF1BD /* ExpandedTriangleWhite_Pressed.tiff in Resources */ = {isa = PBXBuildFile; fileRef = 65F9B96209D41B40008BF1BD /* ExpandedTriangleWhite_Pressed.tiff */; };
		8D11072B0486CEB800E47090 /* InfoPlist.strings in Resources */ = {isa = PBXBuildFile; fileRef = 089C165CFE840E0CC02AAC07 /* InfoPlist.strings */; };
		8D11072D0486CEB800E47090 /* main.m in Sources */ = {isa = PBXBuildFile; fileRef = 29B97316FDCFA39411CA2CEA /* main.m */; settings = {ATTRIBUTES = (); }; };
		8D11072F0486CEB800E47090 /* Cocoa.framework in Frameworks */ = {isa = PBXBuildFile; fileRef = 1058C7A1FEA54F0111CA2CBB /* Cocoa.framework */; };
/* End PBXBuildFile section */

/* Begin PBXCopyFilesBuildPhase section */
		65E7B37C0994D97500565251 /* CopyFiles */ = {
			isa = PBXCopyFilesBuildPhase;
			buildActionMask = 2147483647;
			dstPath = "";
			dstSubfolderSpec = 10;
			files = (
				65E7B43E0994E3D100565251 /* SubViewController.h in CopyFiles */,
				65B172F4099562A700B10322 /* PASidebarView.h in CopyFiles */,
				6535E5030995F80F0067528D /* PASidebarTableView.h in CopyFiles */,
				65C341BC0996107300C3B5AC /* PASidebarCell.h in CopyFiles */,
				48C93615099742D800699265 /* Matador.h in CopyFiles */,
				48C9362E099743F200699265 /* NSObject.h in CopyFiles */,
				65851FFC099780B9009C3CA7 /* ToolbarDelegateCategory.h in CopyFiles */,
				48AA6BF7099B78E300D8F70B /* PATagger.h in CopyFiles */,
				651CF1A0099B9F98007E48DD /* SidebarDelegateCategory.h in CopyFiles */,
				481BF27809A3128600EBD7BA /* PATag.h in CopyFiles */,
				481BF2F209A31B9B00EBD7BA /* PATagSet.h in CopyFiles */,
				48E9C2F709A5C27600415AC7 /* SideViewController.h in CopyFiles */,
				48EB614409C2D4A40071D654 /* PARelatedTags.h in CopyFiles */,
				48BDCEE609C4A4E300A57165 /* PATagCloud.h in CopyFiles */,
				48D66A5F09CB3752007B6B1D /* PASimpleTag.h in CopyFiles */,
				48D66AFD09CB4C5A007B6B1D /* PATagFactory.h in CopyFiles */,
				48D66B0709CB4E4B007B6B1D /* PASimpleTagFactory.h in CopyFiles */,
				65461C9509D0418F0076778E /* PAImageButtonCell.h in CopyFiles */,
				659EBB4309D2D78300879091 /* PAImageButton.h in CopyFiles */,
				486EBA4609D68F16000C154C /* PAFileBox.h in CopyFiles */,
				4842FC0F09DA801500C4A931 /* PATagButton.h in CopyFiles */,
				4842FC1309DA804100C4A931 /* PATagButtonCell.h in CopyFiles */,
				480FFF9B09DACF0900C1E6BA /* PATagCloudController.h in CopyFiles */,
				489AE65509DD434600EB60EB /* SnappingWindow.h in CopyFiles */,
				489AE71609DD4DA900EB60EB /* PASelectedTagsView.h in CopyFiles */,
				658DCD0909E2581F008FBC2C /* ResultsOutlineViewController.h in CopyFiles */,
				658DCD0F09E25908008FBC2C /* QueryDelegateCategory.h in CopyFiles */,
				65C4890609E2C30F00A45A17 /* PAResultsOutlineView.h in CopyFiles */,
				65A74ABB09E3AA23001131A8 /* PAResultsTableColumn.h in CopyFiles */,
				65C0E04309E3EF11006C5A7C /* PAResultsGroupCell.h in CopyFiles */,
				6563884B09E419D300BE59AE /* PAResultsItemCell.h in CopyFiles */,
				6525F34E09EA3C2B006E1FB7 /* PASegmentedImageControl.h in CopyFiles */,
				65D86D3809F154DC006BCC8D /* PAResultsMultiItem.h in CopyFiles */,
				65D86D5B09F15BA8006BCC8D /* PAResultsMultiItemCell.h in CopyFiles */,
				485DA54D09F4EC38008D3214 /* PASelectedTags.h in CopyFiles */,
				485DA55509F4ECBC008D3214 /* PATags.h in CopyFiles */,
				6591FC6A09F521BA0026115A /* PAResultsMultiItemMatrix.h in CopyFiles */,
				48D81DAD09F79C1C0075EE44 /* TaggerController.h in CopyFiles */,
				4870698E0A0C933C00A3ADE2 /* PATypeAheadFind.h in CopyFiles */,
				485FAF2C0A0DE54C0088AC08 /* PATableViewDropController.h in CopyFiles */,
				65035FCB0A20769500AD0597 /* PAQuery.h in CopyFiles */,
				488E18BD0A27231F009D2826 /* PASidebarTagCell.h in CopyFiles */,
				6557CAF40A44663E00902BF3 /* PAResultsMultiItemThumbnailCell.h in CopyFiles */,
				65903EFF0A4BFE9900ADDC1D /* PASelectedTagCell.h in CopyFiles */,
				4870213B0A4FC1EC00CD5E75 /* PASidebar.h in CopyFiles */,
				4840AC3F0A4FFEE50046484E /* PASidebarContentView.h in CopyFiles */,
			);
			runOnlyForDeploymentPostprocessing = 0;
		};
/* End PBXCopyFilesBuildPhase section */

/* Begin PBXFileReference section */
		089C165DFE840E0CC02AAC07 /* English */ = {isa = PBXFileReference; fileEncoding = 10; lastKnownFileType = text.plist.strings; name = English; path = English.lproj/InfoPlist.strings; sourceTree = "<group>"; };
		1058C7A1FEA54F0111CA2CBB /* Cocoa.framework */ = {isa = PBXFileReference; lastKnownFileType = wrapper.framework; name = Cocoa.framework; path = /System/Library/Frameworks/Cocoa.framework; sourceTree = "<absolute>"; };
		13E42FB307B3F0F600E4EEF1 /* CoreData.framework */ = {isa = PBXFileReference; lastKnownFileType = wrapper.framework; name = CoreData.framework; path = /System/Library/Frameworks/CoreData.framework; sourceTree = "<absolute>"; };
		29B97316FDCFA39411CA2CEA /* main.m */ = {isa = PBXFileReference; fileEncoding = 4; lastKnownFileType = sourcecode.c.objc; path = main.m; sourceTree = "<group>"; };
		29B97319FDCFA39411CA2CEA /* English */ = {isa = PBXFileReference; explicitFileType = wrapper.nib; name = English; path = English.lproj/MainMenu.nib; sourceTree = "<group>"; };
		29B97324FDCFA39411CA2CEA /* AppKit.framework */ = {isa = PBXFileReference; lastKnownFileType = wrapper.framework; name = AppKit.framework; path = /System/Library/Frameworks/AppKit.framework; sourceTree = "<absolute>"; };
		29B97325FDCFA39411CA2CEA /* Foundation.framework */ = {isa = PBXFileReference; lastKnownFileType = wrapper.framework; name = Foundation.framework; path = /System/Library/Frameworks/Foundation.framework; sourceTree = "<absolute>"; };
		32CA4F630368D1EE00C91783 /* punakea_Prefix.pch */ = {isa = PBXFileReference; fileEncoding = 4; lastKnownFileType = sourcecode.c.h; path = punakea_Prefix.pch; sourceTree = "<group>"; };
		480FFF9909DACF0900C1E6BA /* PATagCloudController.h */ = {isa = PBXFileReference; fileEncoding = 4; lastKnownFileType = sourcecode.c.h; path = PATagCloudController.h; sourceTree = "<group>"; };
		480FFF9A09DACF0900C1E6BA /* PATagCloudController.m */ = {isa = PBXFileReference; fileEncoding = 4; lastKnownFileType = sourcecode.c.objc; path = PATagCloudController.m; sourceTree = "<group>"; };
		481BF27609A3128600EBD7BA /* PATag.h */ = {isa = PBXFileReference; fileEncoding = 4; lastKnownFileType = sourcecode.c.h; path = PATag.h; sourceTree = "<group>"; };
		481BF2F009A31B9B00EBD7BA /* PATagSet.h */ = {isa = PBXFileReference; fileEncoding = 4; lastKnownFileType = sourcecode.c.h; path = PATagSet.h; sourceTree = "<group>"; };
		481BF2F109A31B9B00EBD7BA /* PATagSet.m */ = {isa = PBXFileReference; fileEncoding = 4; lastKnownFileType = sourcecode.c.objc; path = PATagSet.m; sourceTree = "<group>"; };
		4840AC3D0A4FFEE50046484E /* PASidebarContentView.h */ = {isa = PBXFileReference; fileEncoding = 4; lastKnownFileType = sourcecode.c.h; path = PASidebarContentView.h; sourceTree = "<group>"; };
		4840AC3E0A4FFEE50046484E /* PASidebarContentView.m */ = {isa = PBXFileReference; fileEncoding = 4; lastKnownFileType = sourcecode.c.objc; path = PASidebarContentView.m; sourceTree = "<group>"; };
		4842FC0D09DA801500C4A931 /* PATagButton.h */ = {isa = PBXFileReference; fileEncoding = 4; lastKnownFileType = sourcecode.c.h; path = PATagButton.h; sourceTree = "<group>"; };
		4842FC0E09DA801500C4A931 /* PATagButton.m */ = {isa = PBXFileReference; fileEncoding = 4; lastKnownFileType = sourcecode.c.objc; path = PATagButton.m; sourceTree = "<group>"; };
		4842FC1109DA804100C4A931 /* PATagButtonCell.h */ = {isa = PBXFileReference; fileEncoding = 4; lastKnownFileType = sourcecode.c.h; path = PATagButtonCell.h; sourceTree = "<group>"; };
		4842FC1209DA804100C4A931 /* PATagButtonCell.m */ = {isa = PBXFileReference; fileEncoding = 4; lastKnownFileType = sourcecode.c.objc; path = PATagButtonCell.m; sourceTree = "<group>"; };
		485DA54B09F4EC38008D3214 /* PASelectedTags.h */ = {isa = PBXFileReference; fileEncoding = 4; lastKnownFileType = sourcecode.c.h; path = PASelectedTags.h; sourceTree = "<group>"; };
		485DA54C09F4EC38008D3214 /* PASelectedTags.m */ = {isa = PBXFileReference; fileEncoding = 4; lastKnownFileType = sourcecode.c.objc; path = PASelectedTags.m; sourceTree = "<group>"; };
		485DA55309F4ECBC008D3214 /* PATags.h */ = {isa = PBXFileReference; fileEncoding = 4; lastKnownFileType = sourcecode.c.h; path = PATags.h; sourceTree = "<group>"; };
		485DA55409F4ECBC008D3214 /* PATags.m */ = {isa = PBXFileReference; fileEncoding = 4; lastKnownFileType = sourcecode.c.objc; path = PATags.m; sourceTree = "<group>"; };
		485FAF2A0A0DE54C0088AC08 /* PATableViewDropController.h */ = {isa = PBXFileReference; fileEncoding = 4; lastKnownFileType = sourcecode.c.h; path = PATableViewDropController.h; sourceTree = "<group>"; };
		485FAF2B0A0DE54C0088AC08 /* PATableViewDropController.m */ = {isa = PBXFileReference; fileEncoding = 4; lastKnownFileType = sourcecode.c.objc; path = PATableViewDropController.m; sourceTree = "<group>"; };
		486EBA4309D68F16000C154C /* PAFileBox.m */ = {isa = PBXFileReference; fileEncoding = 4; lastKnownFileType = sourcecode.c.objc; path = PAFileBox.m; sourceTree = "<group>"; };
		486EBA4409D68F16000C154C /* PAFileBox.h */ = {isa = PBXFileReference; fileEncoding = 4; lastKnownFileType = sourcecode.c.h; path = PAFileBox.h; sourceTree = "<group>"; };
		487021390A4FC1EC00CD5E75 /* PASidebar.h */ = {isa = PBXFileReference; fileEncoding = 4; lastKnownFileType = sourcecode.c.h; path = PASidebar.h; sourceTree = "<group>"; };
		4870213A0A4FC1EC00CD5E75 /* PASidebar.m */ = {isa = PBXFileReference; fileEncoding = 4; lastKnownFileType = sourcecode.c.objc; path = PASidebar.m; sourceTree = "<group>"; };
		4870698C0A0C933C00A3ADE2 /* PATypeAheadFind.h */ = {isa = PBXFileReference; fileEncoding = 4; lastKnownFileType = sourcecode.c.h; path = PATypeAheadFind.h; sourceTree = "<group>"; };
		4870698D0A0C933C00A3ADE2 /* PATypeAheadFind.m */ = {isa = PBXFileReference; fileEncoding = 4; lastKnownFileType = sourcecode.c.objc; path = PATypeAheadFind.m; sourceTree = "<group>"; };
		488E18BB0A27231F009D2826 /* PASidebarTagCell.h */ = {isa = PBXFileReference; fileEncoding = 4; lastKnownFileType = sourcecode.c.h; path = PASidebarTagCell.h; sourceTree = "<group>"; };
		488E18BC0A27231F009D2826 /* PASidebarTagCell.m */ = {isa = PBXFileReference; fileEncoding = 4; lastKnownFileType = sourcecode.c.objc; path = PASidebarTagCell.m; sourceTree = "<group>"; };
		489AE65309DD434600EB60EB /* SnappingWindow.h */ = {isa = PBXFileReference; fileEncoding = 4; lastKnownFileType = sourcecode.c.h; path = SnappingWindow.h; sourceTree = "<group>"; };
		489AE65409DD434600EB60EB /* SnappingWindow.m */ = {isa = PBXFileReference; fileEncoding = 4; lastKnownFileType = sourcecode.c.objc; path = SnappingWindow.m; sourceTree = "<group>"; };
		489AE71409DD4DA900EB60EB /* PASelectedTagsView.h */ = {isa = PBXFileReference; fileEncoding = 4; lastKnownFileType = sourcecode.c.h; path = PASelectedTagsView.h; sourceTree = "<group>"; };
		489AE71509DD4DA900EB60EB /* PASelectedTagsView.m */ = {isa = PBXFileReference; fileEncoding = 4; lastKnownFileType = sourcecode.c.objc; path = PASelectedTagsView.m; sourceTree = "<group>"; };
		48AA6BF5099B78E300D8F70B /* PATagger.h */ = {isa = PBXFileReference; fileEncoding = 4; lastKnownFileType = sourcecode.c.h; path = PATagger.h; sourceTree = "<group>"; };
		48AA6BF6099B78E300D8F70B /* PATagger.m */ = {isa = PBXFileReference; fileEncoding = 4; lastKnownFileType = sourcecode.c.objc; path = PATagger.m; sourceTree = "<group>"; };
		48BDCEE409C4A4E300A57165 /* PATagCloud.h */ = {isa = PBXFileReference; fileEncoding = 4; lastKnownFileType = sourcecode.c.h; path = PATagCloud.h; sourceTree = "<group>"; };
		48BDCEE509C4A4E300A57165 /* PATagCloud.m */ = {isa = PBXFileReference; fileEncoding = 4; lastKnownFileType = sourcecode.c.objc; path = PATagCloud.m; sourceTree = "<group>"; };
		48C93614099742D800699265 /* Matador.h */ = {isa = PBXFileReference; fileEncoding = 4; lastKnownFileType = sourcecode.c.h; path = Matador.h; sourceTree = "<group>"; };
		48C9362D099743F200699265 /* NSObject.h */ = {isa = PBXFileReference; fileEncoding = 4; lastKnownFileType = sourcecode.c.h; path = NSObject.h; sourceTree = "<group>"; };
		48D66A5D09CB3752007B6B1D /* PASimpleTag.h */ = {isa = PBXFileReference; fileEncoding = 4; lastKnownFileType = sourcecode.c.h; path = PASimpleTag.h; sourceTree = "<group>"; };
		48D66A5E09CB3752007B6B1D /* PASimpleTag.m */ = {isa = PBXFileReference; fileEncoding = 4; lastKnownFileType = sourcecode.c.objc; path = PASimpleTag.m; sourceTree = "<group>"; };
		48D66AFB09CB4C5A007B6B1D /* PATagFactory.h */ = {isa = PBXFileReference; fileEncoding = 4; lastKnownFileType = sourcecode.c.h; path = PATagFactory.h; sourceTree = "<group>"; };
		48D66AFC09CB4C5A007B6B1D /* PATagFactory.m */ = {isa = PBXFileReference; fileEncoding = 4; lastKnownFileType = sourcecode.c.objc; path = PATagFactory.m; sourceTree = "<group>"; };
		48D66B0509CB4E4B007B6B1D /* PASimpleTagFactory.h */ = {isa = PBXFileReference; fileEncoding = 4; lastKnownFileType = sourcecode.c.h; path = PASimpleTagFactory.h; sourceTree = "<group>"; };
		48D66B0609CB4E4B007B6B1D /* PASimpleTagFactory.m */ = {isa = PBXFileReference; fileEncoding = 4; lastKnownFileType = sourcecode.c.objc; path = PASimpleTagFactory.m; sourceTree = "<group>"; };
		48D81DAB09F79C1C0075EE44 /* TaggerController.h */ = {isa = PBXFileReference; fileEncoding = 4; lastKnownFileType = sourcecode.c.h; path = TaggerController.h; sourceTree = "<group>"; };
		48D81DAC09F79C1C0075EE44 /* TaggerController.m */ = {isa = PBXFileReference; fileEncoding = 4; lastKnownFileType = sourcecode.c.objc; path = TaggerController.m; sourceTree = "<group>"; };
		48D8F01109CBE94C0011401F /* PATag.m */ = {isa = PBXFileReference; fileEncoding = 4; lastKnownFileType = sourcecode.c.objc; path = PATag.m; sourceTree = "<group>"; };
		48E093EB09EFD08F00497646 /* Tagger.nib */ = {isa = PBXFileReference; lastKnownFileType = wrapper.nib; path = Tagger.nib; sourceTree = "<group>"; };
		48E9C2F409A5C27600415AC7 /* SideViewController.m */ = {isa = PBXFileReference; fileEncoding = 4; lastKnownFileType = sourcecode.c.objc; path = SideViewController.m; sourceTree = "<group>"; };
		48E9C2F509A5C27600415AC7 /* SideViewController.h */ = {isa = PBXFileReference; fileEncoding = 4; lastKnownFileType = sourcecode.c.h; path = SideViewController.h; sourceTree = "<group>"; };
		48EB614209C2D4A40071D654 /* PARelatedTags.h */ = {isa = PBXFileReference; fileEncoding = 4; lastKnownFileType = sourcecode.c.h; path = PARelatedTags.h; sourceTree = "<group>"; };
		48EB614309C2D4A40071D654 /* PARelatedTags.m */ = {isa = PBXFileReference; fileEncoding = 4; lastKnownFileType = sourcecode.c.objc; path = PARelatedTags.m; sourceTree = "<group>"; };
		65035FC90A20769500AD0597 /* PAQuery.h */ = {isa = PBXFileReference; fileEncoding = 4; lastKnownFileType = sourcecode.c.h; path = PAQuery.h; sourceTree = "<group>"; };
		65035FCA0A20769500AD0597 /* PAQuery.m */ = {isa = PBXFileReference; fileEncoding = 4; lastKnownFileType = sourcecode.c.objc; path = PAQuery.m; sourceTree = "<group>"; };
		650362500A2084BE00AD0597 /* PAQueryResultGroup.m */ = {isa = PBXFileReference; fileEncoding = 4; lastKnownFileType = sourcecode.c.objc; path = PAQueryResultGroup.m; sourceTree = "<group>"; };
		651C4B5809B9FECE003E6626 /* CollapsedTriangleWhite.tiff */ = {isa = PBXFileReference; lastKnownFileType = image.tiff; path = CollapsedTriangleWhite.tiff; sourceTree = "<group>"; };
		651C4B5909B9FECE003E6626 /* ExpandedTriangleWhite.tiff */ = {isa = PBXFileReference; lastKnownFileType = image.tiff; path = ExpandedTriangleWhite.tiff; sourceTree = "<group>"; };
		651CF19E099B9F98007E48DD /* SidebarDelegateCategory.h */ = {isa = PBXFileReference; fileEncoding = 4; lastKnownFileType = sourcecode.c.h; path = SidebarDelegateCategory.h; sourceTree = "<group>"; };
		651CF19F099B9F98007E48DD /* SidebarDelegateCategory.m */ = {isa = PBXFileReference; fileEncoding = 4; lastKnownFileType = sourcecode.c.objc; path = SidebarDelegateCategory.m; sourceTree = "<group>"; };
		6525F34C09EA3C2B006E1FB7 /* PASegmentedImageControl.h */ = {isa = PBXFileReference; fileEncoding = 4; lastKnownFileType = sourcecode.c.h; path = PASegmentedImageControl.h; sourceTree = "<group>"; };
		6525F34D09EA3C2B006E1FB7 /* PASegmentedImageControl.m */ = {isa = PBXFileReference; fileEncoding = 4; lastKnownFileType = sourcecode.c.objc; path = PASegmentedImageControl.m; sourceTree = "<group>"; };
		6525F46B09EA4FBD006E1FB7 /* MDListViewOff-1.tiff */ = {isa = PBXFileReference; lastKnownFileType = image.tiff; path = "MDListViewOff-1.tiff"; sourceTree = "<group>"; };
		6525F46C09EA4FBD006E1FB7 /* MDListViewOn-1.tiff */ = {isa = PBXFileReference; lastKnownFileType = image.tiff; path = "MDListViewOn-1.tiff"; sourceTree = "<group>"; };
		6525F46D09EA4FBD006E1FB7 /* MDListViewPressed-1.tiff */ = {isa = PBXFileReference; lastKnownFileType = image.tiff; path = "MDListViewPressed-1.tiff"; sourceTree = "<group>"; };
		6535E5010995F80F0067528D /* PASidebarTableView.h */ = {isa = PBXFileReference; fileEncoding = 30; lastKnownFileType = sourcecode.c.h; path = PASidebarTableView.h; sourceTree = "<group>"; };
		6535E5020995F80F0067528D /* PASidebarTableView.m */ = {isa = PBXFileReference; fileEncoding = 30; lastKnownFileType = sourcecode.c.objc; path = PASidebarTableView.m; sourceTree = "<group>"; };
		653DCE1409E295A1009175E5 /* English */ = {isa = PBXFileReference; fileEncoding = 30; lastKnownFileType = text.plist.strings; name = English; path = English.lproj/MDSimpleGrouping.strings; sourceTree = "<group>"; };
		65461C9309D0418F0076778E /* PAImageButtonCell.h */ = {isa = PBXFileReference; fileEncoding = 4; lastKnownFileType = sourcecode.c.h; path = PAImageButtonCell.h; sourceTree = "<group>"; };
		65461C9409D0418F0076778E /* PAImageButtonCell.m */ = {isa = PBXFileReference; fileEncoding = 4; lastKnownFileType = sourcecode.c.objc; path = PAImageButtonCell.m; sourceTree = "<group>"; };
		654DBC1A09C9D0620061BFA4 /* index.html */ = {isa = PBXFileReference; fileEncoding = 30; lastKnownFileType = text.html; name = index.html; path = html/index.html; sourceTree = "<group>"; };
		6557CAF20A44663E00902BF3 /* PAResultsMultiItemThumbnailCell.h */ = {isa = PBXFileReference; fileEncoding = 4; lastKnownFileType = sourcecode.c.h; path = PAResultsMultiItemThumbnailCell.h; sourceTree = "<group>"; };
		6557CAF30A44663E00902BF3 /* PAResultsMultiItemThumbnailCell.m */ = {isa = PBXFileReference; fileEncoding = 4; lastKnownFileType = sourcecode.c.objc; path = PAResultsMultiItemThumbnailCell.m; sourceTree = "<group>"; };
		6562A20209963C5100DBE7DB /* sidebarSelectionBackground.tiff */ = {isa = PBXFileReference; lastKnownFileType = image.tiff; name = sidebarSelectionBackground.tiff; path = Resources/sidebarSelectionBackground.tiff; sourceTree = SOURCE_ROOT; };
		6562A20309963C5100DBE7DB /* sidebarSelectionBackgroundFocus.tiff */ = {isa = PBXFileReference; lastKnownFileType = image.tiff; name = sidebarSelectionBackgroundFocus.tiff; path = Resources/sidebarSelectionBackgroundFocus.tiff; sourceTree = SOURCE_ROOT; };
		6562A20409963C5100DBE7DB /* sidebarSelectionBackgroundFocusSmall.tiff */ = {isa = PBXFileReference; lastKnownFileType = image.tiff; path = sidebarSelectionBackgroundFocusSmall.tiff; sourceTree = "<group>"; };
		6562A20509963C5100DBE7DB /* sidebarSelectionBackgroundSmall.tiff */ = {isa = PBXFileReference; lastKnownFileType = image.tiff; path = sidebarSelectionBackgroundSmall.tiff; sourceTree = "<group>"; };
		6563884909E419D300BE59AE /* PAResultsItemCell.h */ = {isa = PBXFileReference; fileEncoding = 4; lastKnownFileType = sourcecode.c.h; path = PAResultsItemCell.h; sourceTree = "<group>"; };
		6563884A09E419D300BE59AE /* PAResultsItemCell.m */ = {isa = PBXFileReference; fileEncoding = 4; lastKnownFileType = sourcecode.c.objc; path = PAResultsItemCell.m; sourceTree = "<group>"; };
		656C599F09D30D9E008AA115 /* MDIconViewOn-1.tiff */ = {isa = PBXFileReference; lastKnownFileType = image.tiff; path = "MDIconViewOn-1.tiff"; sourceTree = "<group>"; };
		65851FFA099780B9009C3CA7 /* ToolbarDelegateCategory.h */ = {isa = PBXFileReference; fileEncoding = 30; lastKnownFileType = sourcecode.c.h; path = ToolbarDelegateCategory.h; sourceTree = "<group>"; };
		65851FFB099780B9009C3CA7 /* ToolbarDelegateCategory.m */ = {isa = PBXFileReference; fileEncoding = 30; lastKnownFileType = sourcecode.c.objc; path = ToolbarDelegateCategory.m; sourceTree = "<group>"; };
		6588EE120A07463D00082718 /* MDIconViewOffDisabled.tiff */ = {isa = PBXFileReference; lastKnownFileType = image.tiff; path = MDIconViewOffDisabled.tiff; sourceTree = "<group>"; };
		6588EE130A07463D00082718 /* MDIconViewOnDisabled.tiff */ = {isa = PBXFileReference; lastKnownFileType = image.tiff; path = MDIconViewOnDisabled.tiff; sourceTree = "<group>"; };
		6588EE140A07463D00082718 /* MDListViewOffDisabled.tiff */ = {isa = PBXFileReference; lastKnownFileType = image.tiff; path = MDListViewOffDisabled.tiff; sourceTree = "<group>"; };
		6588EE150A07463D00082718 /* MDListViewOnDisabled.tiff */ = {isa = PBXFileReference; lastKnownFileType = image.tiff; path = MDListViewOnDisabled.tiff; sourceTree = "<group>"; };
		658DCD0709E2581F008FBC2C /* ResultsOutlineViewController.h */ = {isa = PBXFileReference; fileEncoding = 4; lastKnownFileType = sourcecode.c.h; path = ResultsOutlineViewController.h; sourceTree = "<group>"; };
		658DCD0809E2581F008FBC2C /* ResultsOutlineViewController.m */ = {isa = PBXFileReference; fileEncoding = 4; lastKnownFileType = sourcecode.c.objc; path = ResultsOutlineViewController.m; sourceTree = "<group>"; };
		658DCD0D09E25908008FBC2C /* QueryDelegateCategory.h */ = {isa = PBXFileReference; fileEncoding = 4; lastKnownFileType = sourcecode.c.h; path = QueryDelegateCategory.h; sourceTree = "<group>"; };
		658DCD0E09E25908008FBC2C /* QueryDelegateCategory.m */ = {isa = PBXFileReference; fileEncoding = 4; lastKnownFileType = sourcecode.c.objc; path = QueryDelegateCategory.m; sourceTree = "<group>"; };
		658DCD1909E25A4F008FBC2C /* MDSimpleGrouping.plist */ = {isa = PBXFileReference; fileEncoding = 30; lastKnownFileType = text.plist; path = MDSimpleGrouping.plist; sourceTree = "<group>"; };
		658EA77C099798A6005F13DE /* Message.framework */ = {isa = PBXFileReference; lastKnownFileType = wrapper.framework; name = Message.framework; path = /System/Library/Frameworks/Message.framework; sourceTree = "<absolute>"; };
		65903EFD0A4BFE9900ADDC1D /* PASelectedTagCell.h */ = {isa = PBXFileReference; fileEncoding = 4; lastKnownFileType = sourcecode.c.h; path = PASelectedTagCell.h; sourceTree = "<group>"; };
		65903EFE0A4BFE9900ADDC1D /* PASelectedTagCell.m */ = {isa = PBXFileReference; fileEncoding = 4; lastKnownFileType = sourcecode.c.objc; path = PASelectedTagCell.m; sourceTree = "<group>"; };
		659040BB0A4C058400ADDC1D /* pane_key-buttonFill-H1.tiff */ = {isa = PBXFileReference; lastKnownFileType = image.tiff; path = "pane_key-buttonFill-H1.tiff"; sourceTree = "<group>"; };
		659040BC0A4C058400ADDC1D /* pane_key-buttonFill-N.tiff */ = {isa = PBXFileReference; lastKnownFileType = image.tiff; path = "pane_key-buttonFill-N.tiff"; sourceTree = "<group>"; };
		659040BD0A4C058400ADDC1D /* pane_key-buttonFill-P.tiff */ = {isa = PBXFileReference; lastKnownFileType = image.tiff; path = "pane_key-buttonFill-P.tiff"; sourceTree = "<group>"; };
		659040BF0A4C058400ADDC1D /* pane_key-buttonFill-P1.tiff */ = {isa = PBXFileReference; lastKnownFileType = image.tiff; path = "pane_key-buttonFill-P1.tiff"; sourceTree = "<group>"; };
		659040C10A4C058400ADDC1D /* pane_key-buttonLeft-H1.tiff */ = {isa = PBXFileReference; lastKnownFileType = image.tiff; path = "pane_key-buttonLeft-H1.tiff"; sourceTree = "<group>"; };
		659040C20A4C058400ADDC1D /* pane_key-buttonLeft-N.tiff */ = {isa = PBXFileReference; lastKnownFileType = image.tiff; path = "pane_key-buttonLeft-N.tiff"; sourceTree = "<group>"; };
		659040C30A4C058400ADDC1D /* pane_key-buttonLeft-P.tiff */ = {isa = PBXFileReference; lastKnownFileType = image.tiff; path = "pane_key-buttonLeft-P.tiff"; sourceTree = "<group>"; };
		659040C50A4C058400ADDC1D /* pane_key-buttonLeft-P1.tiff */ = {isa = PBXFileReference; lastKnownFileType = image.tiff; path = "pane_key-buttonLeft-P1.tiff"; sourceTree = "<group>"; };
		659040C70A4C058400ADDC1D /* pane_key-buttonRight-H1.tiff */ = {isa = PBXFileReference; lastKnownFileType = image.tiff; path = "pane_key-buttonRight-H1.tiff"; sourceTree = "<group>"; };
		659040C80A4C058400ADDC1D /* pane_key-buttonRight-N.tiff */ = {isa = PBXFileReference; lastKnownFileType = image.tiff; path = "pane_key-buttonRight-N.tiff"; sourceTree = "<group>"; };
		659040C90A4C058400ADDC1D /* pane_key-buttonRight-P.tiff */ = {isa = PBXFileReference; lastKnownFileType = image.tiff; path = "pane_key-buttonRight-P.tiff"; sourceTree = "<group>"; };
		659040CB0A4C058400ADDC1D /* pane_key-buttonRight-P1.tiff */ = {isa = PBXFileReference; lastKnownFileType = image.tiff; path = "pane_key-buttonRight-P1.tiff"; sourceTree = "<group>"; };
		659040CC0A4C058400ADDC1D /* pane_key-favoriteIcon.tiff */ = {isa = PBXFileReference; lastKnownFileType = image.tiff; path = "pane_key-favoriteIcon.tiff"; sourceTree = "<group>"; };
		659040CD0A4C058400ADDC1D /* pane_key-resetIcon.tiff */ = {isa = PBXFileReference; lastKnownFileType = image.tiff; path = "pane_key-resetIcon.tiff"; sourceTree = "<group>"; };
		6591FC6809F521BA0026115A /* PAResultsMultiItemMatrix.h */ = {isa = PBXFileReference; fileEncoding = 30; lastKnownFileType = sourcecode.c.h; path = PAResultsMultiItemMatrix.h; sourceTree = "<group>"; };
		6591FC6909F521BA0026115A /* PAResultsMultiItemMatrix.m */ = {isa = PBXFileReference; fileEncoding = 30; lastKnownFileType = sourcecode.c.objc; path = PAResultsMultiItemMatrix.m; sourceTree = "<group>"; };
		659EBB4109D2D78300879091 /* PAImageButton.h */ = {isa = PBXFileReference; fileEncoding = 4; lastKnownFileType = sourcecode.c.h; path = PAImageButton.h; sourceTree = "<group>"; };
		659EBB4209D2D78300879091 /* PAImageButton.m */ = {isa = PBXFileReference; fileEncoding = 4; lastKnownFileType = sourcecode.c.objc; path = PAImageButton.m; sourceTree = "<group>"; };
		659EBBB009D2DC3D00879091 /* MDIconViewOff-1.tiff */ = {isa = PBXFileReference; lastKnownFileType = image.tiff; path = "MDIconViewOff-1.tiff"; sourceTree = "<group>"; };
		65A4079609B9D6BA00B151F4 /* MD0-0-Middle-1.tiff */ = {isa = PBXFileReference; lastKnownFileType = image.tiff; path = "MD0-0-Middle-1.tiff"; sourceTree = "<group>"; };
		65A74AB909E3AA23001131A8 /* PAResultsTableColumn.h */ = {isa = PBXFileReference; fileEncoding = 30; lastKnownFileType = sourcecode.c.h; path = PAResultsTableColumn.h; sourceTree = "<group>"; };
		65A74ABA09E3AA23001131A8 /* PAResultsTableColumn.m */ = {isa = PBXFileReference; fileEncoding = 30; lastKnownFileType = sourcecode.c.objc; path = PAResultsTableColumn.m; sourceTree = "<group>"; };
		65B172F2099562A700B10322 /* PASidebarView.h */ = {isa = PBXFileReference; fileEncoding = 30; lastKnownFileType = sourcecode.c.h; path = PASidebarView.h; sourceTree = "<group>"; };
		65B172F3099562A700B10322 /* PASidebarView.m */ = {isa = PBXFileReference; fileEncoding = 30; lastKnownFileType = sourcecode.c.objc; path = PASidebarView.m; sourceTree = "<group>"; };
		65C0D4260A0636ED00F13FA7 /* MD0-1-Middle-1.tiff */ = {isa = PBXFileReference; lastKnownFileType = image.tiff; path = "MD0-1-Middle-1.tiff"; sourceTree = "<group>"; };
		65C0E03309E3ED9B006C5A7C /* transparent.tiff */ = {isa = PBXFileReference; lastKnownFileType = image.tiff; path = transparent.tiff; sourceTree = "<group>"; };
		65C0E04109E3EF11006C5A7C /* PAResultsGroupCell.h */ = {isa = PBXFileReference; fileEncoding = 4; lastKnownFileType = sourcecode.c.h; path = PAResultsGroupCell.h; sourceTree = "<group>"; };
		65C0E04209E3EF11006C5A7C /* PAResultsGroupCell.m */ = {isa = PBXFileReference; fileEncoding = 4; lastKnownFileType = sourcecode.c.objc; path = PAResultsGroupCell.m; sourceTree = "<group>"; };
		65C341BA0996107300C3B5AC /* PASidebarCell.h */ = {isa = PBXFileReference; fileEncoding = 30; lastKnownFileType = sourcecode.c.h; path = PASidebarCell.h; sourceTree = "<group>"; };
		65C341BB0996107300C3B5AC /* PASidebarCell.m */ = {isa = PBXFileReference; fileEncoding = 30; lastKnownFileType = sourcecode.c.objc; path = PASidebarCell.m; sourceTree = "<group>"; };
		65C4890409E2C30F00A45A17 /* PAResultsOutlineView.h */ = {isa = PBXFileReference; fileEncoding = 30; lastKnownFileType = sourcecode.c.h; path = PAResultsOutlineView.h; sourceTree = "<group>"; };
		65C4890509E2C30F00A45A17 /* PAResultsOutlineView.m */ = {isa = PBXFileReference; fileEncoding = 30; lastKnownFileType = sourcecode.c.objc; path = PAResultsOutlineView.m; sourceTree = "<group>"; };
		65D86D3609F154DC006BCC8D /* PAResultsMultiItem.h */ = {isa = PBXFileReference; fileEncoding = 4; lastKnownFileType = sourcecode.c.h; path = PAResultsMultiItem.h; sourceTree = "<group>"; };
		65D86D3709F154DC006BCC8D /* PAResultsMultiItem.m */ = {isa = PBXFileReference; fileEncoding = 4; lastKnownFileType = sourcecode.c.objc; path = PAResultsMultiItem.m; sourceTree = "<group>"; };
		65D86D5909F15BA7006BCC8D /* PAResultsMultiItemCell.h */ = {isa = PBXFileReference; fileEncoding = 4; lastKnownFileType = sourcecode.c.h; path = PAResultsMultiItemCell.h; sourceTree = "<group>"; };
		65D86D5A09F15BA7006BCC8D /* PAResultsMultiItemCell.m */ = {isa = PBXFileReference; fileEncoding = 4; lastKnownFileType = sourcecode.c.objc; path = PAResultsMultiItemCell.m; sourceTree = "<group>"; };
		65D86E3D09F15E1B006BCC8D /* UserDefaults.plist */ = {isa = PBXFileReference; fileEncoding = 30; lastKnownFileType = text.xml; path = UserDefaults.plist; sourceTree = "<group>"; };
		65E7B01F0994D0AE00565251 /* English */ = {isa = PBXFileReference; lastKnownFileType = wrapper.nib; name = English; path = English.lproj/Sidebar.nib; sourceTree = "<group>"; };
		65E7B0690994D5AA00565251 /* Controller.h */ = {isa = PBXFileReference; fileEncoding = 30; lastKnownFileType = sourcecode.c.h; path = Controller.h; sourceTree = "<group>"; };
		65E7B06A0994D5AA00565251 /* Controller.m */ = {isa = PBXFileReference; fileEncoding = 30; lastKnownFileType = sourcecode.c.objc; path = Controller.m; sourceTree = "<group>"; };
		65E7B43C0994E3D000565251 /* SubViewController.h */ = {isa = PBXFileReference; fileEncoding = 30; lastKnownFileType = sourcecode.c.h; path = SubViewController.h; sourceTree = "<group>"; };
		65E7B43D0994E3D000565251 /* SubViewController.m */ = {isa = PBXFileReference; fileEncoding = 30; lastKnownFileType = sourcecode.c.objc; path = SubViewController.m; sourceTree = "<group>"; };
		65F9B95B09D41AA0008BF1BD /* MDIconViewPressed-1.tiff */ = {isa = PBXFileReference; lastKnownFileType = image.tiff; path = "MDIconViewPressed-1.tiff"; sourceTree = "<group>"; };
		65F9B96109D41B40008BF1BD /* CollapsedTriangleWhite_Pressed.tiff */ = {isa = PBXFileReference; lastKnownFileType = image.tiff; path = CollapsedTriangleWhite_Pressed.tiff; sourceTree = "<group>"; };
		65F9B96209D41B40008BF1BD /* ExpandedTriangleWhite_Pressed.tiff */ = {isa = PBXFileReference; lastKnownFileType = image.tiff; path = ExpandedTriangleWhite_Pressed.tiff; sourceTree = "<group>"; };
		8D1107310486CEB800E47090 /* Info.plist */ = {isa = PBXFileReference; fileEncoding = 4; lastKnownFileType = text.plist; path = Info.plist; sourceTree = "<group>"; };
		8D1107320486CEB800E47090 /* Punakea.app */ = {isa = PBXFileReference; explicitFileType = wrapper.application; includeInIndex = 0; path = Punakea.app; sourceTree = BUILT_PRODUCTS_DIR; };
/* End PBXFileReference section */

/* Begin PBXFrameworksBuildPhase section */
		8D11072E0486CEB800E47090 /* Frameworks */ = {
			isa = PBXFrameworksBuildPhase;
			buildActionMask = 2147483647;
			files = (
				8D11072F0486CEB800E47090 /* Cocoa.framework in Frameworks */,
				658EA77D099798A6005F13DE /* Message.framework in Frameworks */,
			);
			runOnlyForDeploymentPostprocessing = 0;
		};
/* End PBXFrameworksBuildPhase section */

/* Begin PBXGroup section */
		080E96DDFE201D6D7F000001 /* Classes */ = {
			isa = PBXGroup;
			children = (
				65903EF20A4BFDF000ADDC1D /* Custom Controls */,
				488E18BA0A2722E5009D2826 /* Sidebar */,
				4870698B0A0C930700A3ADE2 /* Type-Ahead Find */,
				65B17321099564A800B10322 /* Controllers */,
				485DA56609F4EF07008D3214 /* Models */,
				489AE71309DD4D7800EB60EB /* SelectedTagsView */,
				48BDCECE09C4A1EE00A57165 /* TagCloud */,
				65851FFF099780E0009C3CA7 /* Main */,
				6588132C09DDCA7300428B83 /* ResultsView */,
				65035FB70A20762F00AD0597 /* Query */,
				48F6A9F40996423000AA118D /* Tagging */,
				65B17322099564C400B10322 /* BrowserSidebar */,
			);
			name = Classes;
			sourceTree = "<group>";
		};
		1058C7A0FEA54F0111CA2CBB /* Linked Frameworks */ = {
			isa = PBXGroup;
			children = (
				658EA77C099798A6005F13DE /* Message.framework */,
				1058C7A1FEA54F0111CA2CBB /* Cocoa.framework */,
			);
			name = "Linked Frameworks";
			sourceTree = "<group>";
		};
		1058C7A2FEA54F0111CA2CBB /* Other Frameworks */ = {
			isa = PBXGroup;
			children = (
				29B97324FDCFA39411CA2CEA /* AppKit.framework */,
				13E42FB307B3F0F600E4EEF1 /* CoreData.framework */,
				29B97325FDCFA39411CA2CEA /* Foundation.framework */,
			);
			name = "Other Frameworks";
			sourceTree = "<group>";
		};
		19C28FACFE9D520D11CA2CBB /* Products */ = {
			isa = PBXGroup;
			children = (
				8D1107320486CEB800E47090 /* Punakea.app */,
			);
			name = Products;
			sourceTree = "<group>";
		};
		29B97314FDCFA39411CA2CEA /* Punakea */ = {
			isa = PBXGroup;
			children = (
				080E96DDFE201D6D7F000001 /* Classes */,
				29B97315FDCFA39411CA2CEA /* Other Sources */,
				29B97317FDCFA39411CA2CEA /* Resources */,
				29B97323FDCFA39411CA2CEA /* Frameworks */,
				19C28FACFE9D520D11CA2CBB /* Products */,
				654DBC1709C9D0320061BFA4 /* Documentation */,
			);
			name = Punakea;
			sourceTree = "<group>";
		};
		29B97315FDCFA39411CA2CEA /* Other Sources */ = {
			isa = PBXGroup;
			children = (
				32CA4F630368D1EE00C91783 /* punakea_Prefix.pch */,
			);
			name = "Other Sources";
			sourceTree = "<group>";
		};
		29B97317FDCFA39411CA2CEA /* Resources */ = {
			isa = PBXGroup;
			children = (
				65D86E3D09F15E1B006BCC8D /* UserDefaults.plist */,
				6562A1D40996399100DBE7DB /* Images */,
				8D1107310486CEB800E47090 /* Info.plist */,
				089C165CFE840E0CC02AAC07 /* InfoPlist.strings */,
				65E7B0190994D02E00565251 /* MainMenu.nib */,
				48E093EB09EFD08F00497646 /* Tagger.nib */,
				658DCD1909E25A4F008FBC2C /* MDSimpleGrouping.plist */,
				65E7B01E0994D0AE00565251 /* Sidebar.nib */,
				653DCE1709E295C8009175E5 /* MDSimpleGrouping.strings */,
			);
			name = Resources;
			sourceTree = "<group>";
		};
		29B97323FDCFA39411CA2CEA /* Frameworks */ = {
			isa = PBXGroup;
			children = (
				1058C7A0FEA54F0111CA2CBB /* Linked Frameworks */,
				1058C7A2FEA54F0111CA2CBB /* Other Frameworks */,
			);
			name = Frameworks;
			sourceTree = "<group>";
		};
		485DA56609F4EF07008D3214 /* Models */ = {
			isa = PBXGroup;
			children = (
				481BF27609A3128600EBD7BA /* PATag.h */,
				48D8F01109CBE94C0011401F /* PATag.m */,
				481BF2F009A31B9B00EBD7BA /* PATagSet.h */,
				481BF2F109A31B9B00EBD7BA /* PATagSet.m */,
				48EB614209C2D4A40071D654 /* PARelatedTags.h */,
				48EB614309C2D4A40071D654 /* PARelatedTags.m */,
				48D66A5D09CB3752007B6B1D /* PASimpleTag.h */,
				48D66A5E09CB3752007B6B1D /* PASimpleTag.m */,
				485DA54B09F4EC38008D3214 /* PASelectedTags.h */,
				485DA54C09F4EC38008D3214 /* PASelectedTags.m */,
				485DA55309F4ECBC008D3214 /* PATags.h */,
				485DA55409F4ECBC008D3214 /* PATags.m */,
			);
			name = Models;
			sourceTree = "<group>";
		};
		4870698B0A0C930700A3ADE2 /* Type-Ahead Find */ = {
			isa = PBXGroup;
			children = (
				4870698C0A0C933C00A3ADE2 /* PATypeAheadFind.h */,
				4870698D0A0C933C00A3ADE2 /* PATypeAheadFind.m */,
			);
			name = "Type-Ahead Find";
			sourceTree = "<group>";
		};
		488E18BA0A2722E5009D2826 /* Sidebar */ = {
			isa = PBXGroup;
			children = (
				486EBA4409D68F16000C154C /* PAFileBox.h */,
				486EBA4309D68F16000C154C /* PAFileBox.m */,
				487021390A4FC1EC00CD5E75 /* PASidebar.h */,
				4870213A0A4FC1EC00CD5E75 /* PASidebar.m */,
				488E18BB0A27231F009D2826 /* PASidebarTagCell.h */,
				488E18BC0A27231F009D2826 /* PASidebarTagCell.m */,
				48E9C2F509A5C27600415AC7 /* SideViewController.h */,
				48E9C2F409A5C27600415AC7 /* SideViewController.m */,
				4840AC3D0A4FFEE50046484E /* PASidebarContentView.h */,
				4840AC3E0A4FFEE50046484E /* PASidebarContentView.m */,
			);
			name = Sidebar;
			sourceTree = "<group>";
		};
		489AE71309DD4D7800EB60EB /* SelectedTagsView */ = {
			isa = PBXGroup;
			children = (
				65903EFD0A4BFE9900ADDC1D /* PASelectedTagCell.h */,
				65903EFE0A4BFE9900ADDC1D /* PASelectedTagCell.m */,
				489AE71409DD4DA900EB60EB /* PASelectedTagsView.h */,
				489AE71509DD4DA900EB60EB /* PASelectedTagsView.m */,
			);
			name = SelectedTagsView;
			sourceTree = "<group>";
		};
		48BDCECE09C4A1EE00A57165 /* TagCloud */ = {
			isa = PBXGroup;
			children = (
				48BDCEE409C4A4E300A57165 /* PATagCloud.h */,
				48BDCEE509C4A4E300A57165 /* PATagCloud.m */,
				4842FC0D09DA801500C4A931 /* PATagButton.h */,
				4842FC0E09DA801500C4A931 /* PATagButton.m */,
				4842FC1109DA804100C4A931 /* PATagButtonCell.h */,
				4842FC1209DA804100C4A931 /* PATagButtonCell.m */,
			);
			name = TagCloud;
			sourceTree = "<group>";
		};
		48F6A9F40996423000AA118D /* Tagging */ = {
			isa = PBXGroup;
			children = (
				48AA6BF5099B78E300D8F70B /* PATagger.h */,
				48AA6BF6099B78E300D8F70B /* PATagger.m */,
				48C93614099742D800699265 /* Matador.h */,
				48C9362D099743F200699265 /* NSObject.h */,
				48D66AFB09CB4C5A007B6B1D /* PATagFactory.h */,
				48D66AFC09CB4C5A007B6B1D /* PATagFactory.m */,
				48D66B0509CB4E4B007B6B1D /* PASimpleTagFactory.h */,
				48D66B0609CB4E4B007B6B1D /* PASimpleTagFactory.m */,
			);
			name = Tagging;
			sourceTree = "<group>";
		};
		65035FB70A20762F00AD0597 /* Query */ = {
			isa = PBXGroup;
			children = (
				65035FC90A20769500AD0597 /* PAQuery.h */,
				65035FCA0A20769500AD0597 /* PAQuery.m */,
				650362500A2084BE00AD0597 /* PAQueryResultGroup.m */,
				658DCD0D09E25908008FBC2C /* QueryDelegateCategory.h */,
				658DCD0E09E25908008FBC2C /* QueryDelegateCategory.m */,
			);
			name = Query;
			sourceTree = "<group>";
		};
		654DBC1709C9D0320061BFA4 /* Documentation */ = {
			isa = PBXGroup;
			children = (
				654DBC1A09C9D0620061BFA4 /* index.html */,
			);
			name = Documentation;
			sourceTree = "<group>";
		};
		6562A1D40996399100DBE7DB /* Images */ = {
			isa = PBXGroup;
			children = (
				65C0E03309E3ED9B006C5A7C /* transparent.tiff */,
				65A4079109B9D53200B151F4 /* ResultsView */,
				659040030A4C02E000ADDC1D /* SelectedTagsView */,
				6562A1FF09963BD000DBE7DB /* Sidebar */,
			);
			name = Images;
			path = Resources;
			sourceTree = "<group>";
		};
		6562A1FF09963BD000DBE7DB /* Sidebar */ = {
			isa = PBXGroup;
			children = (
				6562A20209963C5100DBE7DB /* sidebarSelectionBackground.tiff */,
				6562A20309963C5100DBE7DB /* sidebarSelectionBackgroundFocus.tiff */,
				6562A20409963C5100DBE7DB /* sidebarSelectionBackgroundFocusSmall.tiff */,
				6562A20509963C5100DBE7DB /* sidebarSelectionBackgroundSmall.tiff */,
			);
			name = Sidebar;
			sourceTree = "<group>";
		};
		65851FFF099780E0009C3CA7 /* Main */ = {
			isa = PBXGroup;
			children = (
				489AE65309DD434600EB60EB /* SnappingWindow.h */,
				489AE65409DD434600EB60EB /* SnappingWindow.m */,
				65851FFA099780B9009C3CA7 /* ToolbarDelegateCategory.h */,
				65851FFB099780B9009C3CA7 /* ToolbarDelegateCategory.m */,
			);
			name = Main;
			sourceTree = "<group>";
		};
		6588132C09DDCA7300428B83 /* ResultsView */ = {
			isa = PBXGroup;
			children = (
				65C0E04109E3EF11006C5A7C /* PAResultsGroupCell.h */,
				65C0E04209E3EF11006C5A7C /* PAResultsGroupCell.m */,
				6563884909E419D300BE59AE /* PAResultsItemCell.h */,
				6563884A09E419D300BE59AE /* PAResultsItemCell.m */,
				65D86D3609F154DC006BCC8D /* PAResultsMultiItem.h */,
				65D86D3709F154DC006BCC8D /* PAResultsMultiItem.m */,
				65D86D5909F15BA7006BCC8D /* PAResultsMultiItemCell.h */,
				65D86D5A09F15BA7006BCC8D /* PAResultsMultiItemCell.m */,
				6591FC6809F521BA0026115A /* PAResultsMultiItemMatrix.h */,
				6591FC6909F521BA0026115A /* PAResultsMultiItemMatrix.m */,
				6557CAF20A44663E00902BF3 /* PAResultsMultiItemThumbnailCell.h */,
				6557CAF30A44663E00902BF3 /* PAResultsMultiItemThumbnailCell.m */,
				65C4890409E2C30F00A45A17 /* PAResultsOutlineView.h */,
				65C4890509E2C30F00A45A17 /* PAResultsOutlineView.m */,
				65A74AB909E3AA23001131A8 /* PAResultsTableColumn.h */,
				65A74ABA09E3AA23001131A8 /* PAResultsTableColumn.m */,
				658DCD0709E2581F008FBC2C /* ResultsOutlineViewController.h */,
				658DCD0809E2581F008FBC2C /* ResultsOutlineViewController.m */,
			);
			name = ResultsView;
			sourceTree = "<group>";
		};
		65903EF20A4BFDF000ADDC1D /* Custom Controls */ = {
			isa = PBXGroup;
			children = (
				659EBB4109D2D78300879091 /* PAImageButton.h */,
				659EBB4209D2D78300879091 /* PAImageButton.m */,
				65461C9309D0418F0076778E /* PAImageButtonCell.h */,
				65461C9409D0418F0076778E /* PAImageButtonCell.m */,
				6525F34C09EA3C2B006E1FB7 /* PASegmentedImageControl.h */,
				6525F34D09EA3C2B006E1FB7 /* PASegmentedImageControl.m */,
			);
			name = "Custom Controls";
			sourceTree = "<group>";
		};
		659040030A4C02E000ADDC1D /* SelectedTagsView */ = {
			isa = PBXGroup;
			children = (
				659040BB0A4C058400ADDC1D /* pane_key-buttonFill-H1.tiff */,
				659040BC0A4C058400ADDC1D /* pane_key-buttonFill-N.tiff */,
				659040BD0A4C058400ADDC1D /* pane_key-buttonFill-P.tiff */,
				659040BF0A4C058400ADDC1D /* pane_key-buttonFill-P1.tiff */,
				659040C10A4C058400ADDC1D /* pane_key-buttonLeft-H1.tiff */,
				659040C20A4C058400ADDC1D /* pane_key-buttonLeft-N.tiff */,
				659040C30A4C058400ADDC1D /* pane_key-buttonLeft-P.tiff */,
				659040C50A4C058400ADDC1D /* pane_key-buttonLeft-P1.tiff */,
				659040C70A4C058400ADDC1D /* pane_key-buttonRight-H1.tiff */,
				659040C80A4C058400ADDC1D /* pane_key-buttonRight-N.tiff */,
				659040C90A4C058400ADDC1D /* pane_key-buttonRight-P.tiff */,
				659040CB0A4C058400ADDC1D /* pane_key-buttonRight-P1.tiff */,
				659040CC0A4C058400ADDC1D /* pane_key-favoriteIcon.tiff */,
				659040CD0A4C058400ADDC1D /* pane_key-resetIcon.tiff */,
			);
			name = SelectedTagsView;
			sourceTree = "<group>";
		};
		65A4079109B9D53200B151F4 /* ResultsView */ = {
			isa = PBXGroup;
			children = (
				651C4B5809B9FECE003E6626 /* CollapsedTriangleWhite.tiff */,
				65F9B96109D41B40008BF1BD /* CollapsedTriangleWhite_Pressed.tiff */,
				651C4B5909B9FECE003E6626 /* ExpandedTriangleWhite.tiff */,
				65F9B96209D41B40008BF1BD /* ExpandedTriangleWhite_Pressed.tiff */,
				65A4079609B9D6BA00B151F4 /* MD0-0-Middle-1.tiff */,
				65C0D4260A0636ED00F13FA7 /* MD0-1-Middle-1.tiff */,
				659EBBB009D2DC3D00879091 /* MDIconViewOff-1.tiff */,
				6588EE120A07463D00082718 /* MDIconViewOffDisabled.tiff */,
				656C599F09D30D9E008AA115 /* MDIconViewOn-1.tiff */,
				6588EE130A07463D00082718 /* MDIconViewOnDisabled.tiff */,
				65F9B95B09D41AA0008BF1BD /* MDIconViewPressed-1.tiff */,
				6525F46B09EA4FBD006E1FB7 /* MDListViewOff-1.tiff */,
				6588EE140A07463D00082718 /* MDListViewOffDisabled.tiff */,
				6525F46C09EA4FBD006E1FB7 /* MDListViewOn-1.tiff */,
				6588EE150A07463D00082718 /* MDListViewOnDisabled.tiff */,
				6525F46D09EA4FBD006E1FB7 /* MDListViewPressed-1.tiff */,
			);
			name = ResultsView;
			sourceTree = "<group>";
		};
		65B17321099564A800B10322 /* Controllers */ = {
			isa = PBXGroup;
			children = (
				29B97316FDCFA39411CA2CEA /* main.m */,
				65E7B0690994D5AA00565251 /* Controller.h */,
				65E7B06A0994D5AA00565251 /* Controller.m */,
				480FFF9909DACF0900C1E6BA /* PATagCloudController.h */,
				480FFF9A09DACF0900C1E6BA /* PATagCloudController.m */,
				65E7B43C0994E3D000565251 /* SubViewController.h */,
				65E7B43D0994E3D000565251 /* SubViewController.m */,
				48D81DAB09F79C1C0075EE44 /* TaggerController.h */,
				48D81DAC09F79C1C0075EE44 /* TaggerController.m */,
				485FAF2A0A0DE54C0088AC08 /* PATableViewDropController.h */,
				485FAF2B0A0DE54C0088AC08 /* PATableViewDropController.m */,
			);
			name = Controllers;
			sourceTree = "<group>";
		};
		65B17322099564C400B10322 /* BrowserSidebar */ = {
			isa = PBXGroup;
			children = (
				65C341BA0996107300C3B5AC /* PASidebarCell.h */,
				65C341BB0996107300C3B5AC /* PASidebarCell.m */,
				6535E5010995F80F0067528D /* PASidebarTableView.h */,
				6535E5020995F80F0067528D /* PASidebarTableView.m */,
				65B172F2099562A700B10322 /* PASidebarView.h */,
				65B172F3099562A700B10322 /* PASidebarView.m */,
				651CF19E099B9F98007E48DD /* SidebarDelegateCategory.h */,
				651CF19F099B9F98007E48DD /* SidebarDelegateCategory.m */,
			);
			name = BrowserSidebar;
			sourceTree = "<group>";
		};
/* End PBXGroup section */

/* Begin PBXNativeTarget section */
		8D1107260486CEB800E47090 /* Punakea */ = {
			isa = PBXNativeTarget;
			buildConfigurationList = C01FCF4A08A954540054247B /* Build configuration list for PBXNativeTarget "Punakea" */;
			buildPhases = (
				8D1107290486CEB800E47090 /* Resources */,
				8D11072C0486CEB800E47090 /* Sources */,
				8D11072E0486CEB800E47090 /* Frameworks */,
				65E7B37C0994D97500565251 /* CopyFiles */,
				654DBC2009C9D1230061BFA4 /* Create Documentation */,
			);
			buildRules = (
			);
			dependencies = (
			);
			name = Punakea;
			productInstallPath = "$(HOME)/Applications";
			productName = Punakea;
			productReference = 8D1107320486CEB800E47090 /* Punakea.app */;
			productType = "com.apple.product-type.application";
		};
/* End PBXNativeTarget section */

/* Begin PBXProject section */
		29B97313FDCFA39411CA2CEA /* Project object */ = {
			isa = PBXProject;
			buildConfigurationList = C01FCF4E08A954540054247B /* Build configuration list for PBXProject "punakea" */;
			hasScannedForEncodings = 1;
			mainGroup = 29B97314FDCFA39411CA2CEA /* Punakea */;
			projectDirPath = "";
			targets = (
				8D1107260486CEB800E47090 /* Punakea */,
			);
		};
/* End PBXProject section */

/* Begin PBXResourcesBuildPhase section */
		8D1107290486CEB800E47090 /* Resources */ = {
			isa = PBXResourcesBuildPhase;
			buildActionMask = 2147483647;
			files = (
				65E7B01A0994D02E00565251 /* MainMenu.nib in Resources */,
				8D11072B0486CEB800E47090 /* InfoPlist.strings in Resources */,
				65E7B0200994D0AE00565251 /* Sidebar.nib in Resources */,
				6562A20609963C5100DBE7DB /* sidebarSelectionBackground.tiff in Resources */,
				6562A20709963C5100DBE7DB /* sidebarSelectionBackgroundFocus.tiff in Resources */,
				6562A20809963C5100DBE7DB /* sidebarSelectionBackgroundFocusSmall.tiff in Resources */,
				6562A20909963C5100DBE7DB /* sidebarSelectionBackgroundSmall.tiff in Resources */,
				65A4079709B9D6BA00B151F4 /* MD0-0-Middle-1.tiff in Resources */,
				651C4B5A09B9FECE003E6626 /* CollapsedTriangleWhite.tiff in Resources */,
				651C4B5B09B9FECE003E6626 /* ExpandedTriangleWhite.tiff in Resources */,
				654DBC1B09C9D0620061BFA4 /* index.html in Resources */,
				659EBBB109D2DC3D00879091 /* MDIconViewOff-1.tiff in Resources */,
				656C59A009D30D9E008AA115 /* MDIconViewOn-1.tiff in Resources */,
				65F9B95C09D41AA0008BF1BD /* MDIconViewPressed-1.tiff in Resources */,
				65F9B96309D41B40008BF1BD /* CollapsedTriangleWhite_Pressed.tiff in Resources */,
				65F9B96409D41B40008BF1BD /* ExpandedTriangleWhite_Pressed.tiff in Resources */,
				658DCD1A09E25A4F008FBC2C /* MDSimpleGrouping.plist in Resources */,
				653DCE1809E295C8009175E5 /* MDSimpleGrouping.strings in Resources */,
				65C0E03409E3ED9B006C5A7C /* transparent.tiff in Resources */,
				6525F46E09EA4FBD006E1FB7 /* MDListViewOff-1.tiff in Resources */,
				6525F46F09EA4FBD006E1FB7 /* MDListViewOn-1.tiff in Resources */,
				6525F47009EA4FBD006E1FB7 /* MDListViewPressed-1.tiff in Resources */,
				48E093EC09EFD08F00497646 /* Tagger.nib in Resources */,
				65D86E3E09F15E1B006BCC8D /* UserDefaults.plist in Resources */,
				65C0D4270A0636ED00F13FA7 /* MD0-1-Middle-1.tiff in Resources */,
				6588EE160A07463D00082718 /* MDIconViewOffDisabled.tiff in Resources */,
				6588EE170A07463D00082718 /* MDIconViewOnDisabled.tiff in Resources */,
				6588EE180A07463D00082718 /* MDListViewOffDisabled.tiff in Resources */,
				6588EE190A07463D00082718 /* MDListViewOnDisabled.tiff in Resources */,
				659040CF0A4C058400ADDC1D /* pane_key-buttonFill-H1.tiff in Resources */,
				659040D00A4C058400ADDC1D /* pane_key-buttonFill-N.tiff in Resources */,
				659040D10A4C058400ADDC1D /* pane_key-buttonFill-P.tiff in Resources */,
				659040D30A4C058400ADDC1D /* pane_key-buttonFill-P1.tiff in Resources */,
				659040D50A4C058400ADDC1D /* pane_key-buttonLeft-H1.tiff in Resources */,
				659040D60A4C058400ADDC1D /* pane_key-buttonLeft-N.tiff in Resources */,
				659040D70A4C058400ADDC1D /* pane_key-buttonLeft-P.tiff in Resources */,
				659040D90A4C058400ADDC1D /* pane_key-buttonLeft-P1.tiff in Resources */,
				659040DB0A4C058400ADDC1D /* pane_key-buttonRight-H1.tiff in Resources */,
				659040DC0A4C058400ADDC1D /* pane_key-buttonRight-N.tiff in Resources */,
				659040DD0A4C058400ADDC1D /* pane_key-buttonRight-P.tiff in Resources */,
				659040DF0A4C058400ADDC1D /* pane_key-buttonRight-P1.tiff in Resources */,
				659040E00A4C058400ADDC1D /* pane_key-favoriteIcon.tiff in Resources */,
				659040E10A4C058400ADDC1D /* pane_key-resetIcon.tiff in Resources */,
			);
			runOnlyForDeploymentPostprocessing = 0;
		};
/* End PBXResourcesBuildPhase section */

/* Begin PBXShellScriptBuildPhase section */
		654DBC2009C9D1230061BFA4 /* Create Documentation */ = {
			isa = PBXShellScriptBuildPhase;
			buildActionMask = 2147483647;
			files = (
			);
			inputPaths = (
			);
			name = "Create Documentation";
			outputPaths = (
			);
			runOnlyForDeploymentPostprocessing = 0;
			shellPath = /bin/sh;
			shellScript = "/Applications/Doxygen.app/Contents/Resources/doxygen Doxyfile";
		};
/* End PBXShellScriptBuildPhase section */

/* Begin PBXSourcesBuildPhase section */
		8D11072C0486CEB800E47090 /* Sources */ = {
			isa = PBXSourcesBuildPhase;
			buildActionMask = 2147483647;
			files = (
				8D11072D0486CEB800E47090 /* main.m in Sources */,
				65E7B06B0994D5AA00565251 /* Controller.m in Sources */,
				65E7B43F0994E3D100565251 /* SubViewController.m in Sources */,
				65B172F5099562A700B10322 /* PASidebarView.m in Sources */,
				6535E5040995F80F0067528D /* PASidebarTableView.m in Sources */,
				65C341BD0996107300C3B5AC /* PASidebarCell.m in Sources */,
				65851FFD099780B9009C3CA7 /* ToolbarDelegateCategory.m in Sources */,
				48AA6BF8099B78E300D8F70B /* PATagger.m in Sources */,
				651CF1A1099B9F98007E48DD /* SidebarDelegateCategory.m in Sources */,
				481BF2F309A31B9B00EBD7BA /* PATagSet.m in Sources */,
				48E9C2F609A5C27600415AC7 /* SideViewController.m in Sources */,
				48EB614509C2D4A40071D654 /* PARelatedTags.m in Sources */,
				48BDCEE709C4A4E300A57165 /* PATagCloud.m in Sources */,
				48D66A6009CB3752007B6B1D /* PASimpleTag.m in Sources */,
				48D66AFE09CB4C5A007B6B1D /* PATagFactory.m in Sources */,
				48D66B0809CB4E4B007B6B1D /* PASimpleTagFactory.m in Sources */,
				48D8F01209CBE94C0011401F /* PATag.m in Sources */,
				65461C9609D0418F0076778E /* PAImageButtonCell.m in Sources */,
				659EBB4409D2D78300879091 /* PAImageButton.m in Sources */,
				486EBA4509D68F16000C154C /* PAFileBox.m in Sources */,
				4842FC1009DA801700C4A931 /* PATagButton.m in Sources */,
				4842FC1409DA804100C4A931 /* PATagButtonCell.m in Sources */,
				480FFF9C09DACF0900C1E6BA /* PATagCloudController.m in Sources */,
				489AE65609DD434600EB60EB /* SnappingWindow.m in Sources */,
				489AE71709DD4DA900EB60EB /* PASelectedTagsView.m in Sources */,
				658DCD0A09E2581F008FBC2C /* ResultsOutlineViewController.m in Sources */,
				658DCD1009E25908008FBC2C /* QueryDelegateCategory.m in Sources */,
				65C4890709E2C30F00A45A17 /* PAResultsOutlineView.m in Sources */,
				65A74ABC09E3AA23001131A8 /* PAResultsTableColumn.m in Sources */,
				65C0E04409E3EF11006C5A7C /* PAResultsGroupCell.m in Sources */,
				6563884C09E419D300BE59AE /* PAResultsItemCell.m in Sources */,
				6525F34F09EA3C2B006E1FB7 /* PASegmentedImageControl.m in Sources */,
				65D86D3909F154DC006BCC8D /* PAResultsMultiItem.m in Sources */,
				65D86D5C09F15BA8006BCC8D /* PAResultsMultiItemCell.m in Sources */,
				485DA54E09F4EC38008D3214 /* PASelectedTags.m in Sources */,
				485DA55609F4ECBC008D3214 /* PATags.m in Sources */,
				6591FC6B09F521BA0026115A /* PAResultsMultiItemMatrix.m in Sources */,
				48D81DAE09F79C1C0075EE44 /* TaggerController.m in Sources */,
				4870698F0A0C933C00A3ADE2 /* PATypeAheadFind.m in Sources */,
				485FAF2D0A0DE54C0088AC08 /* PATableViewDropController.m in Sources */,
				65035FCC0A20769500AD0597 /* PAQuery.m in Sources */,
				650362520A2084BE00AD0597 /* PAQueryResultGroup.m in Sources */,
				488E18BE0A27231F009D2826 /* PASidebarTagCell.m in Sources */,
				6557CAF50A44663E00902BF3 /* PAResultsMultiItemThumbnailCell.m in Sources */,
				65903F000A4BFE9900ADDC1D /* PASelectedTagCell.m in Sources */,
				4870213C0A4FC1EC00CD5E75 /* PASidebar.m in Sources */,
				4840AC400A4FFEE50046484E /* PASidebarContentView.m in Sources */,
			);
			runOnlyForDeploymentPostprocessing = 0;
		};
/* End PBXSourcesBuildPhase section */

/* Begin PBXVariantGroup section */
		089C165CFE840E0CC02AAC07 /* InfoPlist.strings */ = {
			isa = PBXVariantGroup;
			children = (
				089C165DFE840E0CC02AAC07 /* English */,
			);
			name = InfoPlist.strings;
			sourceTree = "<group>";
		};
		653DCE1709E295C8009175E5 /* MDSimpleGrouping.strings */ = {
			isa = PBXVariantGroup;
			children = (
				653DCE1409E295A1009175E5 /* English */,
			);
			name = MDSimpleGrouping.strings;
			sourceTree = "<group>";
		};
		65E7B0190994D02E00565251 /* MainMenu.nib */ = {
			isa = PBXVariantGroup;
			children = (
				29B97319FDCFA39411CA2CEA /* English */,
			);
			name = MainMenu.nib;
			sourceTree = "<group>";
		};
		65E7B01E0994D0AE00565251 /* Sidebar.nib */ = {
			isa = PBXVariantGroup;
			children = (
				65E7B01F0994D0AE00565251 /* English */,
			);
			name = Sidebar.nib;
			sourceTree = "<group>";
		};
/* End PBXVariantGroup section */

/* Begin XCBuildConfiguration section */
		C01FCF4B08A954540054247B /* Debug */ = {
			isa = XCBuildConfiguration;
			buildSettings = {
				COPY_PHASE_STRIP = NO;
				FRAMEWORK_SEARCH_PATHS = "$(FRAMEWORK_SEARCH_PATHS)";
				GCC_DYNAMIC_NO_PIC = NO;
				GCC_ENABLE_FIX_AND_CONTINUE = YES;
				GCC_MODEL_TUNING = G5;
				GCC_OPTIMIZATION_LEVEL = 0;
				INFOPLIST_FILE = Info.plist;
				INSTALL_PATH = "$(HOME)/Applications";
				PRODUCT_NAME = Punakea;
				WRAPPER_EXTENSION = app;
				ZERO_LINK = YES;
			};
			name = Debug;
		};
		C01FCF4C08A954540054247B /* Release */ = {
			isa = XCBuildConfiguration;
			buildSettings = {
				ARCHS = (
					ppc,
					i386,
				);
				FRAMEWORK_SEARCH_PATHS = "$(FRAMEWORK_SEARCH_PATHS)";
				GCC_GENERATE_DEBUGGING_SYMBOLS = NO;
				GCC_MODEL_TUNING = G5;
				INFOPLIST_FILE = Info.plist;
				INSTALL_PATH = "$(HOME)/Applications";
				PRODUCT_NAME = Punakea;
				WRAPPER_EXTENSION = app;
			};
			name = Release;
		};
		C01FCF4F08A954540054247B /* Debug */ = {
			isa = XCBuildConfiguration;
			buildSettings = {
				GCC_ENABLE_OBJC_EXCEPTIONS = YES;
				GCC_WARN_ABOUT_RETURN_TYPE = YES;
				GCC_WARN_UNUSED_VARIABLE = YES;
				PREBINDING = NO;
				SDKROOT = /Developer/SDKs/MacOSX10.4u.sdk;
			};
			name = Debug;
		};
		C01FCF5008A954540054247B /* Release */ = {
			isa = XCBuildConfiguration;
			buildSettings = {
				GCC_WARN_ABOUT_RETURN_TYPE = YES;
				GCC_WARN_UNUSED_VARIABLE = YES;
				PREBINDING = NO;
				SDKROOT = /Developer/SDKs/MacOSX10.4u.sdk;
			};
			name = Release;
		};
/* End XCBuildConfiguration section */

/* Begin XCConfigurationList section */
		C01FCF4A08A954540054247B /* Build configuration list for PBXNativeTarget "Punakea" */ = {
			isa = XCConfigurationList;
			buildConfigurations = (
				C01FCF4B08A954540054247B /* Debug */,
				C01FCF4C08A954540054247B /* Release */,
			);
			defaultConfigurationIsVisible = 0;
			defaultConfigurationName = Release;
		};
		C01FCF4E08A954540054247B /* Build configuration list for PBXProject "punakea" */ = {
			isa = XCConfigurationList;
			buildConfigurations = (
				C01FCF4F08A954540054247B /* Debug */,
				C01FCF5008A954540054247B /* Release */,
			);
			defaultConfigurationIsVisible = 0;
			defaultConfigurationName = Release;
		};
/* End XCConfigurationList section */
	};
	rootObject = 29B97313FDCFA39411CA2CEA /* Project object */;
}
